// !$*UTF8*$!
{
	archiveVersion = 1;
	classes = {
	};
	objectVersion = 46;
	objects = {

/* Begin PBXBuildFile section */
		013BC02B1B2FBC8300155EAB /* libzbar.a in Frameworks */ = {isa = PBXBuildFile; fileRef = 013BC0251B2FBC8300155EAB /* libzbar.a */; };
		013BC02C1B2FBC8300155EAB /* zbar-back.png in Resources */ = {isa = PBXBuildFile; fileRef = 013BC0271B2FBC8300155EAB /* zbar-back.png */; };
		013BC02D1B2FBC8300155EAB /* zbar-help.html in Resources */ = {isa = PBXBuildFile; fileRef = 013BC0281B2FBC8300155EAB /* zbar-help.html */; };
		013BC02E1B2FBC8300155EAB /* zbar-helpicons.png in Resources */ = {isa = PBXBuildFile; fileRef = 013BC0291B2FBC8300155EAB /* zbar-helpicons.png */; };
		013BC02F1B2FBC8300155EAB /* zbar-samples.png in Resources */ = {isa = PBXBuildFile; fileRef = 013BC02A1B2FBC8300155EAB /* zbar-samples.png */; };
		013BC03A1B2FC61500155EAB /* UserListViewController.m in Sources */ = {isa = PBXBuildFile; fileRef = 013BC0381B2FC61500155EAB /* UserListViewController.m */; };
		013BC03B1B2FC61500155EAB /* UserListViewController.xib in Resources */ = {isa = PBXBuildFile; fileRef = 013BC0391B2FC61500155EAB /* UserListViewController.xib */; };
		013BC03D1B2FC6E500155EAB /* libiconv.dylib in Frameworks */ = {isa = PBXBuildFile; fileRef = 013BC03C1B2FC6E500155EAB /* libiconv.dylib */; };
		013BC03F1B2FC6FC00155EAB /* libz.dylib in Frameworks */ = {isa = PBXBuildFile; fileRef = 013BC03E1B2FC6FC00155EAB /* libz.dylib */; };
		013BC0451B2FC73A00155EAB /* BindViewController.m in Sources */ = {isa = PBXBuildFile; fileRef = 013BC0431B2FC73A00155EAB /* BindViewController.m */; };
		013BC0461B2FC73A00155EAB /* BindViewController.xib in Resources */ = {isa = PBXBuildFile; fileRef = 013BC0441B2FC73A00155EAB /* BindViewController.xib */; };
		013BC04B1B2FC7B600155EAB /* TimeTableViewController.m in Sources */ = {isa = PBXBuildFile; fileRef = 013BC0491B2FC7B600155EAB /* TimeTableViewController.m */; };
		013BC04C1B2FC7B600155EAB /* TimeTableViewController.xib in Resources */ = {isa = PBXBuildFile; fileRef = 013BC04A1B2FC7B600155EAB /* TimeTableViewController.xib */; };
		013BC0751B2FF9B800155EAB /* libstdc++.dylib in Frameworks */ = {isa = PBXBuildFile; fileRef = 013BC0741B2FF9B800155EAB /* libstdc++.dylib */; };
		013C445C1B311D0B0056CFD1 /* UPStackMenu.m in Sources */ = {isa = PBXBuildFile; fileRef = 013C44591B311D0B0056CFD1 /* UPStackMenu.m */; };
		013C445D1B311D0B0056CFD1 /* UPStackMenuItem.m in Sources */ = {isa = PBXBuildFile; fileRef = 013C445B1B311D0B0056CFD1 /* UPStackMenuItem.m */; };
		013C44651B311F620056CFD1 /* FolderCoverView.m in Sources */ = {isa = PBXBuildFile; fileRef = 013C44601B311F620056CFD1 /* FolderCoverView.m */; settings = {COMPILER_FLAGS = "-fno-objc-arc"; }; };
		013C44661B311F620056CFD1 /* UIFolderTableView.m in Sources */ = {isa = PBXBuildFile; fileRef = 013C44621B311F620056CFD1 /* UIFolderTableView.m */; settings = {COMPILER_FLAGS = "-fno-objc-arc"; }; };
		013C44671B311F620056CFD1 /* UIView+screenshot.m in Sources */ = {isa = PBXBuildFile; fileRef = 013C44641B311F620056CFD1 /* UIView+screenshot.m */; };
		013C44701B312CD30056CFD1 /* SubCateViewController.m in Sources */ = {isa = PBXBuildFile; fileRef = 013C446E1B312CD30056CFD1 /* SubCateViewController.m */; };
		013C44711B312CD30056CFD1 /* SubCateViewController.xib in Resources */ = {isa = PBXBuildFile; fileRef = 013C446F1B312CD30056CFD1 /* SubCateViewController.xib */; };
		013C44751B312DD80056CFD1 /* CateTableViewCell.m in Sources */ = {isa = PBXBuildFile; fileRef = 013C44731B312DD80056CFD1 /* CateTableViewCell.m */; };
		013C44761B312DD80056CFD1 /* CateTableViewCell.xib in Resources */ = {isa = PBXBuildFile; fileRef = 013C44741B312DD80056CFD1 /* CateTableViewCell.xib */; };
		013C447E1B3133600056CFD1 /* AVFoundation.framework in Frameworks */ = {isa = PBXBuildFile; fileRef = 013C447D1B3133600056CFD1 /* AVFoundation.framework */; };
		013C447F1B3133720056CFD1 /* MediaPlayer.framework in Frameworks */ = {isa = PBXBuildFile; fileRef = 013C447B1B31334E0056CFD1 /* MediaPlayer.framework */; };
		013C44801B31337C0056CFD1 /* CoreVideo.framework in Frameworks */ = {isa = PBXBuildFile; fileRef = 013C44791B3133440056CFD1 /* CoreVideo.framework */; };
		013C44811B3133880056CFD1 /* CoreMedia.framework in Frameworks */ = {isa = PBXBuildFile; fileRef = 013C44771B31333A0056CFD1 /* CoreMedia.framework */; };
		013C44841B3136580056CFD1 /* back_arrow@2x.png in Resources */ = {isa = PBXBuildFile; fileRef = 013C44831B3136580056CFD1 /* back_arrow@2x.png */; };
		013C44871B31406B0056CFD1 /* UIBarButtonItem+Factory.m in Sources */ = {isa = PBXBuildFile; fileRef = 013C44861B31406B0056CFD1 /* UIBarButtonItem+Factory.m */; };
		013C448A1B3140CA0056CFD1 /* UIView+Sizes.m in Sources */ = {isa = PBXBuildFile; fileRef = 013C44891B3140CA0056CFD1 /* UIView+Sizes.m */; };
		013C448D1B31431D0056CFD1 /* 单选-icon96x96-默认@2x.png in Resources */ = {isa = PBXBuildFile; fileRef = 013C448B1B31431D0056CFD1 /* 单选-icon96x96-默认@2x.png */; };
		013C448E1B31431D0056CFD1 /* 单选-icon96x96-选中@2x.png in Resources */ = {isa = PBXBuildFile; fileRef = 013C448C1B31431D0056CFD1 /* 单选-icon96x96-选中@2x.png */; };
		013C44931B3146D70056CFD1 /* SelectViewController.m in Sources */ = {isa = PBXBuildFile; fileRef = 013C44911B3146D70056CFD1 /* SelectViewController.m */; };
		013C44941B3146D70056CFD1 /* SelectViewController.xib in Resources */ = {isa = PBXBuildFile; fileRef = 013C44921B3146D70056CFD1 /* SelectViewController.xib */; };
		013C44981B31491E0056CFD1 /* GroupTableViewCell.m in Sources */ = {isa = PBXBuildFile; fileRef = 013C44961B31491E0056CFD1 /* GroupTableViewCell.m */; };
		013C44991B31491E0056CFD1 /* GroupTableViewCell.xib in Resources */ = {isa = PBXBuildFile; fileRef = 013C44971B31491E0056CFD1 /* GroupTableViewCell.xib */; };
		013C449D1B31492F0056CFD1 /* ProjectTableViewCell.m in Sources */ = {isa = PBXBuildFile; fileRef = 013C449B1B31492F0056CFD1 /* ProjectTableViewCell.m */; };
		013C449E1B31492F0056CFD1 /* ProjectTableViewCell.xib in Resources */ = {isa = PBXBuildFile; fileRef = 013C449C1B31492F0056CFD1 /* ProjectTableViewCell.xib */; };
		013C44AE1B3154E60056CFD1 /* EGOCache.m in Sources */ = {isa = PBXBuildFile; fileRef = 013C44A21B3154E60056CFD1 /* EGOCache.m */; settings = {COMPILER_FLAGS = "-fno-objc-arc"; }; };
		013C44AF1B3154E60056CFD1 /* EGOImageButton.m in Sources */ = {isa = PBXBuildFile; fileRef = 013C44A51B3154E60056CFD1 /* EGOImageButton.m */; settings = {COMPILER_FLAGS = "-fno-objc-arc"; }; };
		013C44B01B3154E60056CFD1 /* EGOImageLoadConnection.m in Sources */ = {isa = PBXBuildFile; fileRef = 013C44A81B3154E60056CFD1 /* EGOImageLoadConnection.m */; settings = {COMPILER_FLAGS = "-fno-objc-arc"; }; };
		013C44B11B3154E60056CFD1 /* EGOImageLoader.m in Sources */ = {isa = PBXBuildFile; fileRef = 013C44AA1B3154E60056CFD1 /* EGOImageLoader.m */; settings = {COMPILER_FLAGS = "-fno-objc-arc"; }; };
		013C44B21B3154E60056CFD1 /* EGOImageView.m in Sources */ = {isa = PBXBuildFile; fileRef = 013C44AD1B3154E60056CFD1 /* EGOImageView.m */; settings = {COMPILER_FLAGS = "-fno-objc-arc"; }; };
		013C44B51B31570C0056CFD1 /* NNSingleton.m in Sources */ = {isa = PBXBuildFile; fileRef = 013C44B41B31570C0056CFD1 /* NNSingleton.m */; };
		013E722C1B3D31880033DFED /* SVProgressHUD.bundle in Resources */ = {isa = PBXBuildFile; fileRef = 013E72291B3D31880033DFED /* SVProgressHUD.bundle */; };
		013E722D1B3D31880033DFED /* SVProgressHUD.m in Sources */ = {isa = PBXBuildFile; fileRef = 013E722B1B3D31880033DFED /* SVProgressHUD.m */; };
		013F02C81B40D22000D14553 /* UerViewController.m in Sources */ = {isa = PBXBuildFile; fileRef = 013F02C61B40D22000D14553 /* UerViewController.m */; };
		013F02C91B40D22000D14553 /* UerViewController.xib in Resources */ = {isa = PBXBuildFile; fileRef = 013F02C71B40D22000D14553 /* UerViewController.xib */; };
		015083D31B2EB65B00028FC0 /* main.m in Sources */ = {isa = PBXBuildFile; fileRef = 015083D21B2EB65B00028FC0 /* main.m */; };
		015083D61B2EB65B00028FC0 /* AppDelegate.m in Sources */ = {isa = PBXBuildFile; fileRef = 015083D51B2EB65B00028FC0 /* AppDelegate.m */; };
		015083D91B2EB65B00028FC0 /* ViewController.m in Sources */ = {isa = PBXBuildFile; fileRef = 015083D81B2EB65B00028FC0 /* ViewController.m */; };
		015083DC1B2EB65B00028FC0 /* Main.storyboard in Resources */ = {isa = PBXBuildFile; fileRef = 015083DA1B2EB65B00028FC0 /* Main.storyboard */; };
		015083DE1B2EB65B00028FC0 /* Images.xcassets in Resources */ = {isa = PBXBuildFile; fileRef = 015083DD1B2EB65B00028FC0 /* Images.xcassets */; };
		015083E11B2EB65B00028FC0 /* LaunchScreen.xib in Resources */ = {isa = PBXBuildFile; fileRef = 015083DF1B2EB65B00028FC0 /* LaunchScreen.xib */; };
		015084021B2EBA9F00028FC0 /* FirstViewController.m in Sources */ = {isa = PBXBuildFile; fileRef = 015084001B2EBA9F00028FC0 /* FirstViewController.m */; };
		015084031B2EBA9F00028FC0 /* FirstViewController.xib in Resources */ = {isa = PBXBuildFile; fileRef = 015084011B2EBA9F00028FC0 /* FirstViewController.xib */; };
		015084071B2EBB3F00028FC0 /* UIViewController+BackBar.m in Sources */ = {isa = PBXBuildFile; fileRef = 015084061B2EBB3F00028FC0 /* UIViewController+BackBar.m */; };
		015084371B2EBC7200028FC0 /* AFHTTPRequestOperation.m in Sources */ = {isa = PBXBuildFile; fileRef = 0150840C1B2EBC7200028FC0 /* AFHTTPRequestOperation.m */; };
		015084381B2EBC7200028FC0 /* AFHTTPRequestOperationManager.m in Sources */ = {isa = PBXBuildFile; fileRef = 0150840E1B2EBC7200028FC0 /* AFHTTPRequestOperationManager.m */; };
		015084391B2EBC7200028FC0 /* AFHTTPSessionManager.m in Sources */ = {isa = PBXBuildFile; fileRef = 015084101B2EBC7200028FC0 /* AFHTTPSessionManager.m */; };
		0150843A1B2EBC7200028FC0 /* AFNetworkReachabilityManager.m in Sources */ = {isa = PBXBuildFile; fileRef = 015084131B2EBC7200028FC0 /* AFNetworkReachabilityManager.m */; };
		0150843B1B2EBC7200028FC0 /* AFSecurityPolicy.m in Sources */ = {isa = PBXBuildFile; fileRef = 015084151B2EBC7200028FC0 /* AFSecurityPolicy.m */; };
		0150843C1B2EBC7200028FC0 /* AFURLConnectionOperation.m in Sources */ = {isa = PBXBuildFile; fileRef = 015084171B2EBC7200028FC0 /* AFURLConnectionOperation.m */; };
		0150843D1B2EBC7200028FC0 /* AFURLRequestSerialization.m in Sources */ = {isa = PBXBuildFile; fileRef = 015084191B2EBC7200028FC0 /* AFURLRequestSerialization.m */; };
		0150843E1B2EBC7200028FC0 /* AFURLResponseSerialization.m in Sources */ = {isa = PBXBuildFile; fileRef = 0150841B1B2EBC7200028FC0 /* AFURLResponseSerialization.m */; };
		0150843F1B2EBC7200028FC0 /* AFURLSessionManager.m in Sources */ = {isa = PBXBuildFile; fileRef = 0150841D1B2EBC7200028FC0 /* AFURLSessionManager.m */; };
		015084401B2EBC7200028FC0 /* LICENSE in Resources */ = {isa = PBXBuildFile; fileRef = 0150841E1B2EBC7200028FC0 /* LICENSE */; };
		015084411B2EBC7200028FC0 /* README.md in Sources */ = {isa = PBXBuildFile; fileRef = 0150841F1B2EBC7200028FC0 /* README.md */; };
		015084421B2EBC7200028FC0 /* AFNetworkActivityIndicatorManager.m in Sources */ = {isa = PBXBuildFile; fileRef = 015084221B2EBC7200028FC0 /* AFNetworkActivityIndicatorManager.m */; };
		015084431B2EBC7200028FC0 /* UIActivityIndicatorView+AFNetworking.m in Sources */ = {isa = PBXBuildFile; fileRef = 015084241B2EBC7200028FC0 /* UIActivityIndicatorView+AFNetworking.m */; };
		015084441B2EBC7200028FC0 /* UIAlertView+AFNetworking.m in Sources */ = {isa = PBXBuildFile; fileRef = 015084261B2EBC7200028FC0 /* UIAlertView+AFNetworking.m */; };
		015084451B2EBC7200028FC0 /* UIButton+AFNetworking.m in Sources */ = {isa = PBXBuildFile; fileRef = 015084281B2EBC7200028FC0 /* UIButton+AFNetworking.m */; };
		015084461B2EBC7200028FC0 /* UIImageView+AFNetworking.m in Sources */ = {isa = PBXBuildFile; fileRef = 0150842A1B2EBC7200028FC0 /* UIImageView+AFNetworking.m */; };
		015084471B2EBC7200028FC0 /* UIProgressView+AFNetworking.m in Sources */ = {isa = PBXBuildFile; fileRef = 0150842D1B2EBC7200028FC0 /* UIProgressView+AFNetworking.m */; };
		015084481B2EBC7200028FC0 /* UIRefreshControl+AFNetworking.m in Sources */ = {isa = PBXBuildFile; fileRef = 0150842F1B2EBC7200028FC0 /* UIRefreshControl+AFNetworking.m */; };
		015084491B2EBC7200028FC0 /* UIWebView+AFNetworking.m in Sources */ = {isa = PBXBuildFile; fileRef = 015084311B2EBC7200028FC0 /* UIWebView+AFNetworking.m */; };
		0150844F1B2EBCB900028FC0 /* NNManager.m in Sources */ = {isa = PBXBuildFile; fileRef = 0150844E1B2EBCB900028FC0 /* NNManager.m */; };
		0150845A1B2EBDF200028FC0 /* CFNetwork.framework in Frameworks */ = {isa = PBXBuildFile; fileRef = 015084591B2EBDF200028FC0 /* CFNetwork.framework */; };
		0150845C1B2EBDF700028FC0 /* MobileCoreServices.framework in Frameworks */ = {isa = PBXBuildFile; fileRef = 0150845B1B2EBDF700028FC0 /* MobileCoreServices.framework */; };
		0150845E1B2EBE1100028FC0 /* Security.framework in Frameworks */ = {isa = PBXBuildFile; fileRef = 0150845D1B2EBE1100028FC0 /* Security.framework */; };
		015084601B2EBE1700028FC0 /* CoreTelephony.framework in Frameworks */ = {isa = PBXBuildFile; fileRef = 0150845F1B2EBE1700028FC0 /* CoreTelephony.framework */; };
		015084621B2EBE2300028FC0 /* libxml2.dylib in Frameworks */ = {isa = PBXBuildFile; fileRef = 015084611B2EBE2300028FC0 /* libxml2.dylib */; };
		015084641B2EBE2C00028FC0 /* Foundation.framework in Frameworks */ = {isa = PBXBuildFile; fileRef = 015084631B2EBE2C00028FC0 /* Foundation.framework */; };
		015084661B2EBE3000028FC0 /* UIKit.framework in Frameworks */ = {isa = PBXBuildFile; fileRef = 015084651B2EBE3000028FC0 /* UIKit.framework */; };
		015084681B2EBE3700028FC0 /* CoreGraphics.framework in Frameworks */ = {isa = PBXBuildFile; fileRef = 015084671B2EBE3700028FC0 /* CoreGraphics.framework */; };
		0150846A1B2EBE4700028FC0 /* SystemConfiguration.framework in Frameworks */ = {isa = PBXBuildFile; fileRef = 015084691B2EBE4700028FC0 /* SystemConfiguration.framework */; };
		0150846C1B2EBE5500028FC0 /* QuartzCore.framework in Frameworks */ = {isa = PBXBuildFile; fileRef = 0150846B1B2EBE5500028FC0 /* QuartzCore.framework */; };
		01668E371B391FC200136D5F /* contacts_user_avatar_default_l.png in Resources */ = {isa = PBXBuildFile; fileRef = 01668E211B391FC200136D5F /* contacts_user_avatar_default_l.png */; };
		01668E381B391FC200136D5F /* contacts_user_avatar_default_l@3x.png in Resources */ = {isa = PBXBuildFile; fileRef = 01668E221B391FC200136D5F /* contacts_user_avatar_default_l@3x.png */; };
		01668E391B391FC200136D5F /* down_arrow.png in Resources */ = {isa = PBXBuildFile; fileRef = 01668E231B391FC200136D5F /* down_arrow.png */; };
		01668E3A1B391FC200136D5F /* down_arrow@2x.png in Resources */ = {isa = PBXBuildFile; fileRef = 01668E241B391FC200136D5F /* down_arrow@2x.png */; };
		01668E3B1B391FC200136D5F /* merge_check.png in Resources */ = {isa = PBXBuildFile; fileRef = 01668E251B391FC200136D5F /* merge_check.png */; };
		01668E3C1B391FC200136D5F /* merge_check@3x.png in Resources */ = {isa = PBXBuildFile; fileRef = 01668E261B391FC200136D5F /* merge_check@3x.png */; };
		01668E3D1B391FC200136D5F /* QQPimSyncViewFlowBackgroundImage@2x.jpg in Resources */ = {isa = PBXBuildFile; fileRef = 01668E271B391FC200136D5F /* QQPimSyncViewFlowBackgroundImage@2x.jpg */; };
		01668E3E1B391FC200136D5F /* QQPimSyncViewFlowBackgroundImage@3x.jpg in Resources */ = {isa = PBXBuildFile; fileRef = 01668E281B391FC200136D5F /* QQPimSyncViewFlowBackgroundImage@3x.jpg */; };
		01668E3F1B391FC200136D5F /* QQPimSyncViewMore_highlight@2x.png in Resources */ = {isa = PBXBuildFile; fileRef = 01668E291B391FC200136D5F /* QQPimSyncViewMore_highlight@2x.png */; };
		01668E401B391FC200136D5F /* QQPimSyncViewMore_highlight@3x.png in Resources */ = {isa = PBXBuildFile; fileRef = 01668E2A1B391FC200136D5F /* QQPimSyncViewMore_highlight@3x.png */; };
		01668E411B391FC200136D5F /* QQPimSyncViewMore_normal@2x.png in Resources */ = {isa = PBXBuildFile; fileRef = 01668E2B1B391FC200136D5F /* QQPimSyncViewMore_normal@2x.png */; };
		01668E421B391FC200136D5F /* QQPimSyncViewMore_normal@3x.png in Resources */ = {isa = PBXBuildFile; fileRef = 01668E2C1B391FC200136D5F /* QQPimSyncViewMore_normal@3x.png */; };
		01668E431B391FC200136D5F /* QQPimTimelineInfoIconHighlight.png in Resources */ = {isa = PBXBuildFile; fileRef = 01668E2D1B391FC200136D5F /* QQPimTimelineInfoIconHighlight.png */; };
		01668E441B391FC200136D5F /* QQPimTimelineInfoIconHighlight@2x.png in Resources */ = {isa = PBXBuildFile; fileRef = 01668E2E1B391FC200136D5F /* QQPimTimelineInfoIconHighlight@2x.png */; };
		01668E451B391FC200136D5F /* QQPimTimelineInfoIconHighlight@3x.png in Resources */ = {isa = PBXBuildFile; fileRef = 01668E2F1B391FC200136D5F /* QQPimTimelineInfoIconHighlight@3x.png */; };
		01668E461B391FC200136D5F /* saomiao_icon.png in Resources */ = {isa = PBXBuildFile; fileRef = 01668E301B391FC200136D5F /* saomiao_icon.png */; };
		01668E471B391FC200136D5F /* saomiao_icon@2x.png in Resources */ = {isa = PBXBuildFile; fileRef = 01668E311B391FC200136D5F /* saomiao_icon@2x.png */; };
		01668E481B391FC200136D5F /* saomiao_icon@3x.png in Resources */ = {isa = PBXBuildFile; fileRef = 01668E321B391FC200136D5F /* saomiao_icon@3x.png */; };
		01668E491B391FC200136D5F /* title_icon_add_def@2x.png in Resources */ = {isa = PBXBuildFile; fileRef = 01668E331B391FC200136D5F /* title_icon_add_def@2x.png */; };
		01668E4A1B391FC200136D5F /* title_icon_add_def@3x.png in Resources */ = {isa = PBXBuildFile; fileRef = 01668E341B391FC200136D5F /* title_icon_add_def@3x.png */; };
		01668E4B1B391FC200136D5F /* WechatCard_set_icon_add@2x.png in Resources */ = {isa = PBXBuildFile; fileRef = 01668E351B391FC200136D5F /* WechatCard_set_icon_add@2x.png */; };
		01668E4C1B391FC200136D5F /* WechatCard_set_icon_add@3x.png in Resources */ = {isa = PBXBuildFile; fileRef = 01668E361B391FC200136D5F /* WechatCard_set_icon_add@3x.png */; };
		01668E501B39300900136D5F /* UserTableViewCell.m in Sources */ = {isa = PBXBuildFile; fileRef = 01668E4E1B39300900136D5F /* UserTableViewCell.m */; };
		01668E511B39300900136D5F /* UserTableViewCell.xib in Resources */ = {isa = PBXBuildFile; fileRef = 01668E4F1B39300900136D5F /* UserTableViewCell.xib */; };
		016F756B1B43BE760067F88E /* default@2x.png in Resources */ = {isa = PBXBuildFile; fileRef = 016F75691B43BE760067F88E /* default@2x.png */; };
		016F756C1B43BE760067F88E /* default@3x.png in Resources */ = {isa = PBXBuildFile; fileRef = 016F756A1B43BE760067F88E /* default@3x.png */; };
		017CB8C31B43A26C00234D7C /* kebiao.png in Resources */ = {isa = PBXBuildFile; fileRef = 017CB8C21B43A26C00234D7C /* kebiao.png */; };
/* End PBXBuildFile section */

/* Begin PBXFileReference section */
		013BC0111B2FBC8300155EAB /* Decoder.h */ = {isa = PBXFileReference; fileEncoding = 4; lastKnownFileType = sourcecode.c.h; path = Decoder.h; sourceTree = "<group>"; };
		013BC0121B2FBC8300155EAB /* Exception.h */ = {isa = PBXFileReference; fileEncoding = 4; lastKnownFileType = sourcecode.c.h; path = Exception.h; sourceTree = "<group>"; };
		013BC0131B2FBC8300155EAB /* Image.h */ = {isa = PBXFileReference; fileEncoding = 4; lastKnownFileType = sourcecode.c.h; path = Image.h; sourceTree = "<group>"; };
		013BC0141B2FBC8300155EAB /* ImageScanner.h */ = {isa = PBXFileReference; fileEncoding = 4; lastKnownFileType = sourcecode.c.h; path = ImageScanner.h; sourceTree = "<group>"; };
		013BC0151B2FBC8300155EAB /* Processor.h */ = {isa = PBXFileReference; fileEncoding = 4; lastKnownFileType = sourcecode.c.h; path = Processor.h; sourceTree = "<group>"; };
		013BC0161B2FBC8300155EAB /* Scanner.h */ = {isa = PBXFileReference; fileEncoding = 4; lastKnownFileType = sourcecode.c.h; path = Scanner.h; sourceTree = "<group>"; };
		013BC0171B2FBC8300155EAB /* Symbol.h */ = {isa = PBXFileReference; fileEncoding = 4; lastKnownFileType = sourcecode.c.h; path = Symbol.h; sourceTree = "<group>"; };
		013BC0181B2FBC8300155EAB /* Video.h */ = {isa = PBXFileReference; fileEncoding = 4; lastKnownFileType = sourcecode.c.h; path = Video.h; sourceTree = "<group>"; };
		013BC0191B2FBC8300155EAB /* Window.h */ = {isa = PBXFileReference; fileEncoding = 4; lastKnownFileType = sourcecode.c.h; path = Window.h; sourceTree = "<group>"; };
		013BC01A1B2FBC8300155EAB /* zbar.h */ = {isa = PBXFileReference; fileEncoding = 4; lastKnownFileType = sourcecode.c.h; path = zbar.h; sourceTree = "<group>"; };
		013BC01B1B2FBC8300155EAB /* ZBarCameraSimulator.h */ = {isa = PBXFileReference; fileEncoding = 4; lastKnownFileType = sourcecode.c.h; path = ZBarCameraSimulator.h; sourceTree = "<group>"; };
		013BC01C1B2FBC8300155EAB /* ZBarCaptureReader.h */ = {isa = PBXFileReference; fileEncoding = 4; lastKnownFileType = sourcecode.c.h; path = ZBarCaptureReader.h; sourceTree = "<group>"; };
		013BC01D1B2FBC8300155EAB /* ZBarHelpController.h */ = {isa = PBXFileReference; fileEncoding = 4; lastKnownFileType = sourcecode.c.h; path = ZBarHelpController.h; sourceTree = "<group>"; };
		013BC01E1B2FBC8300155EAB /* ZBarImage.h */ = {isa = PBXFileReference; fileEncoding = 4; lastKnownFileType = sourcecode.c.h; path = ZBarImage.h; sourceTree = "<group>"; };
		013BC01F1B2FBC8300155EAB /* ZBarImageScanner.h */ = {isa = PBXFileReference; fileEncoding = 4; lastKnownFileType = sourcecode.c.h; path = ZBarImageScanner.h; sourceTree = "<group>"; };
		013BC0201B2FBC8300155EAB /* ZBarReaderController.h */ = {isa = PBXFileReference; fileEncoding = 4; lastKnownFileType = sourcecode.c.h; path = ZBarReaderController.h; sourceTree = "<group>"; };
		013BC0211B2FBC8300155EAB /* ZBarReaderView.h */ = {isa = PBXFileReference; fileEncoding = 4; lastKnownFileType = sourcecode.c.h; path = ZBarReaderView.h; sourceTree = "<group>"; };
		013BC0221B2FBC8300155EAB /* ZBarReaderViewController.h */ = {isa = PBXFileReference; fileEncoding = 4; lastKnownFileType = sourcecode.c.h; path = ZBarReaderViewController.h; sourceTree = "<group>"; };
		013BC0231B2FBC8300155EAB /* ZBarSDK.h */ = {isa = PBXFileReference; fileEncoding = 4; lastKnownFileType = sourcecode.c.h; path = ZBarSDK.h; sourceTree = "<group>"; };
		013BC0241B2FBC8300155EAB /* ZBarSymbol.h */ = {isa = PBXFileReference; fileEncoding = 4; lastKnownFileType = sourcecode.c.h; path = ZBarSymbol.h; sourceTree = "<group>"; };
		013BC0251B2FBC8300155EAB /* libzbar.a */ = {isa = PBXFileReference; lastKnownFileType = archive.ar; path = libzbar.a; sourceTree = "<group>"; };
		013BC0271B2FBC8300155EAB /* zbar-back.png */ = {isa = PBXFileReference; lastKnownFileType = image.png; path = "zbar-back.png"; sourceTree = "<group>"; };
		013BC0281B2FBC8300155EAB /* zbar-help.html */ = {isa = PBXFileReference; fileEncoding = 4; lastKnownFileType = text.html; path = "zbar-help.html"; sourceTree = "<group>"; };
		013BC0291B2FBC8300155EAB /* zbar-helpicons.png */ = {isa = PBXFileReference; lastKnownFileType = image.png; path = "zbar-helpicons.png"; sourceTree = "<group>"; };
		013BC02A1B2FBC8300155EAB /* zbar-samples.png */ = {isa = PBXFileReference; lastKnownFileType = image.png; path = "zbar-samples.png"; sourceTree = "<group>"; };
		013BC0371B2FC61500155EAB /* UserListViewController.h */ = {isa = PBXFileReference; fileEncoding = 4; lastKnownFileType = sourcecode.c.h; path = UserListViewController.h; sourceTree = "<group>"; };
		013BC0381B2FC61500155EAB /* UserListViewController.m */ = {isa = PBXFileReference; fileEncoding = 4; lastKnownFileType = sourcecode.c.objc; path = UserListViewController.m; sourceTree = "<group>"; };
		013BC0391B2FC61500155EAB /* UserListViewController.xib */ = {isa = PBXFileReference; fileEncoding = 4; lastKnownFileType = file.xib; path = UserListViewController.xib; sourceTree = "<group>"; };
		013BC03C1B2FC6E500155EAB /* libiconv.dylib */ = {isa = PBXFileReference; lastKnownFileType = "compiled.mach-o.dylib"; name = libiconv.dylib; path = usr/lib/libiconv.dylib; sourceTree = SDKROOT; };
		013BC03E1B2FC6FC00155EAB /* libz.dylib */ = {isa = PBXFileReference; lastKnownFileType = "compiled.mach-o.dylib"; name = libz.dylib; path = usr/lib/libz.dylib; sourceTree = SDKROOT; };
		013BC0421B2FC73A00155EAB /* BindViewController.h */ = {isa = PBXFileReference; fileEncoding = 4; lastKnownFileType = sourcecode.c.h; path = BindViewController.h; sourceTree = "<group>"; };
		013BC0431B2FC73A00155EAB /* BindViewController.m */ = {isa = PBXFileReference; fileEncoding = 4; lastKnownFileType = sourcecode.c.objc; path = BindViewController.m; sourceTree = "<group>"; };
		013BC0441B2FC73A00155EAB /* BindViewController.xib */ = {isa = PBXFileReference; fileEncoding = 4; lastKnownFileType = file.xib; path = BindViewController.xib; sourceTree = "<group>"; };
		013BC0481B2FC7B600155EAB /* TimeTableViewController.h */ = {isa = PBXFileReference; fileEncoding = 4; lastKnownFileType = sourcecode.c.h; path = TimeTableViewController.h; sourceTree = "<group>"; };
		013BC0491B2FC7B600155EAB /* TimeTableViewController.m */ = {isa = PBXFileReference; fileEncoding = 4; lastKnownFileType = sourcecode.c.objc; path = TimeTableViewController.m; sourceTree = "<group>"; };
		013BC04A1B2FC7B600155EAB /* TimeTableViewController.xib */ = {isa = PBXFileReference; fileEncoding = 4; lastKnownFileType = file.xib; path = TimeTableViewController.xib; sourceTree = "<group>"; };
		013BC0741B2FF9B800155EAB /* libstdc++.dylib */ = {isa = PBXFileReference; lastKnownFileType = "compiled.mach-o.dylib"; name = "libstdc++.dylib"; path = "usr/lib/libstdc++.dylib"; sourceTree = SDKROOT; };
		013C44581B311D0B0056CFD1 /* UPStackMenu.h */ = {isa = PBXFileReference; fileEncoding = 4; lastKnownFileType = sourcecode.c.h; path = UPStackMenu.h; sourceTree = "<group>"; };
		013C44591B311D0B0056CFD1 /* UPStackMenu.m */ = {isa = PBXFileReference; fileEncoding = 4; lastKnownFileType = sourcecode.c.objc; path = UPStackMenu.m; sourceTree = "<group>"; };
		013C445A1B311D0B0056CFD1 /* UPStackMenuItem.h */ = {isa = PBXFileReference; fileEncoding = 4; lastKnownFileType = sourcecode.c.h; path = UPStackMenuItem.h; sourceTree = "<group>"; };
		013C445B1B311D0B0056CFD1 /* UPStackMenuItem.m */ = {isa = PBXFileReference; fileEncoding = 4; lastKnownFileType = sourcecode.c.objc; path = UPStackMenuItem.m; sourceTree = "<group>"; };
		013C445F1B311F620056CFD1 /* FolderCoverView.h */ = {isa = PBXFileReference; fileEncoding = 4; lastKnownFileType = sourcecode.c.h; path = FolderCoverView.h; sourceTree = "<group>"; };
		013C44601B311F620056CFD1 /* FolderCoverView.m */ = {isa = PBXFileReference; fileEncoding = 4; lastKnownFileType = sourcecode.c.objc; path = FolderCoverView.m; sourceTree = "<group>"; };
		013C44611B311F620056CFD1 /* UIFolderTableView.h */ = {isa = PBXFileReference; fileEncoding = 4; lastKnownFileType = sourcecode.c.h; path = UIFolderTableView.h; sourceTree = "<group>"; };
		013C44621B311F620056CFD1 /* UIFolderTableView.m */ = {isa = PBXFileReference; fileEncoding = 4; lastKnownFileType = sourcecode.c.objc; path = UIFolderTableView.m; sourceTree = "<group>"; };
		013C44631B311F620056CFD1 /* UIView+screenshot.h */ = {isa = PBXFileReference; fileEncoding = 4; lastKnownFileType = sourcecode.c.h; path = "UIView+screenshot.h"; sourceTree = "<group>"; };
		013C44641B311F620056CFD1 /* UIView+screenshot.m */ = {isa = PBXFileReference; fileEncoding = 4; lastKnownFileType = sourcecode.c.objc; path = "UIView+screenshot.m"; sourceTree = "<group>"; };
		013C446D1B312CD30056CFD1 /* SubCateViewController.h */ = {isa = PBXFileReference; fileEncoding = 4; lastKnownFileType = sourcecode.c.h; path = SubCateViewController.h; sourceTree = "<group>"; };
		013C446E1B312CD30056CFD1 /* SubCateViewController.m */ = {isa = PBXFileReference; fileEncoding = 4; lastKnownFileType = sourcecode.c.objc; path = SubCateViewController.m; sourceTree = "<group>"; };
		013C446F1B312CD30056CFD1 /* SubCateViewController.xib */ = {isa = PBXFileReference; fileEncoding = 4; lastKnownFileType = file.xib; path = SubCateViewController.xib; sourceTree = "<group>"; };
		013C44721B312DD80056CFD1 /* CateTableViewCell.h */ = {isa = PBXFileReference; fileEncoding = 4; lastKnownFileType = sourcecode.c.h; path = CateTableViewCell.h; sourceTree = "<group>"; };
		013C44731B312DD80056CFD1 /* CateTableViewCell.m */ = {isa = PBXFileReference; fileEncoding = 4; lastKnownFileType = sourcecode.c.objc; path = CateTableViewCell.m; sourceTree = "<group>"; };
		013C44741B312DD80056CFD1 /* CateTableViewCell.xib */ = {isa = PBXFileReference; fileEncoding = 4; lastKnownFileType = file.xib; path = CateTableViewCell.xib; sourceTree = "<group>"; };
		013C44771B31333A0056CFD1 /* CoreMedia.framework */ = {isa = PBXFileReference; lastKnownFileType = wrapper.framework; name = CoreMedia.framework; path = System/Library/Frameworks/CoreMedia.framework; sourceTree = SDKROOT; };
		013C44791B3133440056CFD1 /* CoreVideo.framework */ = {isa = PBXFileReference; lastKnownFileType = wrapper.framework; name = CoreVideo.framework; path = System/Library/Frameworks/CoreVideo.framework; sourceTree = SDKROOT; };
		013C447B1B31334E0056CFD1 /* MediaPlayer.framework */ = {isa = PBXFileReference; lastKnownFileType = wrapper.framework; name = MediaPlayer.framework; path = System/Library/Frameworks/MediaPlayer.framework; sourceTree = SDKROOT; };
		013C447D1B3133600056CFD1 /* AVFoundation.framework */ = {isa = PBXFileReference; lastKnownFileType = wrapper.framework; name = AVFoundation.framework; path = System/Library/Frameworks/AVFoundation.framework; sourceTree = SDKROOT; };
		013C44831B3136580056CFD1 /* back_arrow@2x.png */ = {isa = PBXFileReference; lastKnownFileType = image.png; path = "back_arrow@2x.png"; sourceTree = "<group>"; };
		013C44851B31406B0056CFD1 /* UIBarButtonItem+Factory.h */ = {isa = PBXFileReference; fileEncoding = 4; lastKnownFileType = sourcecode.c.h; path = "UIBarButtonItem+Factory.h"; sourceTree = "<group>"; };
		013C44861B31406B0056CFD1 /* UIBarButtonItem+Factory.m */ = {isa = PBXFileReference; fileEncoding = 4; lastKnownFileType = sourcecode.c.objc; path = "UIBarButtonItem+Factory.m"; sourceTree = "<group>"; };
		013C44881B3140CA0056CFD1 /* UIView+Sizes.h */ = {isa = PBXFileReference; fileEncoding = 4; lastKnownFileType = sourcecode.c.h; path = "UIView+Sizes.h"; sourceTree = "<group>"; };
		013C44891B3140CA0056CFD1 /* UIView+Sizes.m */ = {isa = PBXFileReference; fileEncoding = 4; lastKnownFileType = sourcecode.c.objc; path = "UIView+Sizes.m"; sourceTree = "<group>"; };
		013C448B1B31431D0056CFD1 /* 单选-icon96x96-默认@2x.png */ = {isa = PBXFileReference; lastKnownFileType = image.png; path = "单选-icon96x96-默认@2x.png"; sourceTree = "<group>"; };
		013C448C1B31431D0056CFD1 /* 单选-icon96x96-选中@2x.png */ = {isa = PBXFileReference; lastKnownFileType = image.png; path = "单选-icon96x96-选中@2x.png"; sourceTree = "<group>"; };
		013C44901B3146D70056CFD1 /* SelectViewController.h */ = {isa = PBXFileReference; fileEncoding = 4; lastKnownFileType = sourcecode.c.h; path = SelectViewController.h; sourceTree = "<group>"; };
		013C44911B3146D70056CFD1 /* SelectViewController.m */ = {isa = PBXFileReference; fileEncoding = 4; lastKnownFileType = sourcecode.c.objc; path = SelectViewController.m; sourceTree = "<group>"; };
		013C44921B3146D70056CFD1 /* SelectViewController.xib */ = {isa = PBXFileReference; fileEncoding = 4; lastKnownFileType = file.xib; path = SelectViewController.xib; sourceTree = "<group>"; };
		013C44951B31491E0056CFD1 /* GroupTableViewCell.h */ = {isa = PBXFileReference; fileEncoding = 4; lastKnownFileType = sourcecode.c.h; path = GroupTableViewCell.h; sourceTree = "<group>"; };
		013C44961B31491E0056CFD1 /* GroupTableViewCell.m */ = {isa = PBXFileReference; fileEncoding = 4; lastKnownFileType = sourcecode.c.objc; path = GroupTableViewCell.m; sourceTree = "<group>"; };
		013C44971B31491E0056CFD1 /* GroupTableViewCell.xib */ = {isa = PBXFileReference; fileEncoding = 4; lastKnownFileType = file.xib; path = GroupTableViewCell.xib; sourceTree = "<group>"; };
		013C449A1B31492F0056CFD1 /* ProjectTableViewCell.h */ = {isa = PBXFileReference; fileEncoding = 4; lastKnownFileType = sourcecode.c.h; path = ProjectTableViewCell.h; sourceTree = "<group>"; };
		013C449B1B31492F0056CFD1 /* ProjectTableViewCell.m */ = {isa = PBXFileReference; fileEncoding = 4; lastKnownFileType = sourcecode.c.objc; path = ProjectTableViewCell.m; sourceTree = "<group>"; };
		013C449C1B31492F0056CFD1 /* ProjectTableViewCell.xib */ = {isa = PBXFileReference; fileEncoding = 4; lastKnownFileType = file.xib; path = ProjectTableViewCell.xib; sourceTree = "<group>"; };
		013C44A11B3154E60056CFD1 /* EGOCache.h */ = {isa = PBXFileReference; fileEncoding = 4; lastKnownFileType = sourcecode.c.h; path = EGOCache.h; sourceTree = "<group>"; };
		013C44A21B3154E60056CFD1 /* EGOCache.m */ = {isa = PBXFileReference; fileEncoding = 4; lastKnownFileType = sourcecode.c.objc; path = EGOCache.m; sourceTree = "<group>"; };
		013C44A41B3154E60056CFD1 /* EGOImageButton.h */ = {isa = PBXFileReference; fileEncoding = 4; lastKnownFileType = sourcecode.c.h; path = EGOImageButton.h; sourceTree = "<group>"; };
		013C44A51B3154E60056CFD1 /* EGOImageButton.m */ = {isa = PBXFileReference; fileEncoding = 4; lastKnownFileType = sourcecode.c.objc; path = EGOImageButton.m; sourceTree = "<group>"; };
		013C44A71B3154E60056CFD1 /* EGOImageLoadConnection.h */ = {isa = PBXFileReference; fileEncoding = 4; lastKnownFileType = sourcecode.c.h; path = EGOImageLoadConnection.h; sourceTree = "<group>"; };
		013C44A81B3154E60056CFD1 /* EGOImageLoadConnection.m */ = {isa = PBXFileReference; fileEncoding = 4; lastKnownFileType = sourcecode.c.objc; path = EGOImageLoadConnection.m; sourceTree = "<group>"; };
		013C44A91B3154E60056CFD1 /* EGOImageLoader.h */ = {isa = PBXFileReference; fileEncoding = 4; lastKnownFileType = sourcecode.c.h; path = EGOImageLoader.h; sourceTree = "<group>"; };
		013C44AA1B3154E60056CFD1 /* EGOImageLoader.m */ = {isa = PBXFileReference; fileEncoding = 4; lastKnownFileType = sourcecode.c.objc; path = EGOImageLoader.m; sourceTree = "<group>"; };
		013C44AC1B3154E60056CFD1 /* EGOImageView.h */ = {isa = PBXFileReference; fileEncoding = 4; lastKnownFileType = sourcecode.c.h; path = EGOImageView.h; sourceTree = "<group>"; };
		013C44AD1B3154E60056CFD1 /* EGOImageView.m */ = {isa = PBXFileReference; fileEncoding = 4; lastKnownFileType = sourcecode.c.objc; path = EGOImageView.m; sourceTree = "<group>"; };
		013C44B31B31570C0056CFD1 /* NNSingleton.h */ = {isa = PBXFileReference; fileEncoding = 4; lastKnownFileType = sourcecode.c.h; path = NNSingleton.h; sourceTree = "<group>"; };
		013C44B41B31570C0056CFD1 /* NNSingleton.m */ = {isa = PBXFileReference; fileEncoding = 4; lastKnownFileType = sourcecode.c.objc; path = NNSingleton.m; sourceTree = "<group>"; };
		013E72211B3CF5980033DFED /* zh-Hans */ = {isa = PBXFileReference; lastKnownFileType = text.plist.strings; name = "zh-Hans"; path = "zh-Hans.lproj/Main.strings"; sourceTree = "<group>"; };
		013E72221B3CF5980033DFED /* zh-Hans */ = {isa = PBXFileReference; lastKnownFileType = text.plist.strings; name = "zh-Hans"; path = "zh-Hans.lproj/LaunchScreen.strings"; sourceTree = "<group>"; };
		013E72291B3D31880033DFED /* SVProgressHUD.bundle */ = {isa = PBXFileReference; lastKnownFileType = "wrapper.plug-in"; path = SVProgressHUD.bundle; sourceTree = "<group>"; };
		013E722A1B3D31880033DFED /* SVProgressHUD.h */ = {isa = PBXFileReference; fileEncoding = 4; lastKnownFileType = sourcecode.c.h; path = SVProgressHUD.h; sourceTree = "<group>"; };
		013E722B1B3D31880033DFED /* SVProgressHUD.m */ = {isa = PBXFileReference; fileEncoding = 4; lastKnownFileType = sourcecode.c.objc; path = SVProgressHUD.m; sourceTree = "<group>"; };
		013F02C51B40D22000D14553 /* UerViewController.h */ = {isa = PBXFileReference; fileEncoding = 4; lastKnownFileType = sourcecode.c.h; path = UerViewController.h; sourceTree = "<group>"; };
		013F02C61B40D22000D14553 /* UerViewController.m */ = {isa = PBXFileReference; fileEncoding = 4; lastKnownFileType = sourcecode.c.objc; path = UerViewController.m; sourceTree = "<group>"; };
		013F02C71B40D22000D14553 /* UerViewController.xib */ = {isa = PBXFileReference; fileEncoding = 4; lastKnownFileType = file.xib; path = UerViewController.xib; sourceTree = "<group>"; };
		015083CD1B2EB65B00028FC0 /* reservation.app */ = {isa = PBXFileReference; explicitFileType = wrapper.application; includeInIndex = 0; path = reservation.app; sourceTree = BUILT_PRODUCTS_DIR; };
		015083D11B2EB65B00028FC0 /* Info.plist */ = {isa = PBXFileReference; lastKnownFileType = text.plist.xml; path = Info.plist; sourceTree = "<group>"; };
		015083D21B2EB65B00028FC0 /* main.m */ = {isa = PBXFileReference; lastKnownFileType = sourcecode.c.objc; path = main.m; sourceTree = "<group>"; };
		015083D41B2EB65B00028FC0 /* AppDelegate.h */ = {isa = PBXFileReference; lastKnownFileType = sourcecode.c.h; path = AppDelegate.h; sourceTree = "<group>"; };
		015083D51B2EB65B00028FC0 /* AppDelegate.m */ = {isa = PBXFileReference; lastKnownFileType = sourcecode.c.objc; path = AppDelegate.m; sourceTree = "<group>"; };
		015083D71B2EB65B00028FC0 /* ViewController.h */ = {isa = PBXFileReference; lastKnownFileType = sourcecode.c.h; path = ViewController.h; sourceTree = "<group>"; };
		015083D81B2EB65B00028FC0 /* ViewController.m */ = {isa = PBXFileReference; lastKnownFileType = sourcecode.c.objc; path = ViewController.m; sourceTree = "<group>"; };
		015083DB1B2EB65B00028FC0 /* Base */ = {isa = PBXFileReference; lastKnownFileType = file.storyboard; name = Base; path = Base.lproj/Main.storyboard; sourceTree = "<group>"; };
		015083DD1B2EB65B00028FC0 /* Images.xcassets */ = {isa = PBXFileReference; lastKnownFileType = folder.assetcatalog; path = Images.xcassets; sourceTree = "<group>"; };
		015083E01B2EB65B00028FC0 /* Base */ = {isa = PBXFileReference; lastKnownFileType = file.xib; name = Base; path = Base.lproj/LaunchScreen.xib; sourceTree = "<group>"; };
		015083EB1B2EB65B00028FC0 /* Info.plist */ = {isa = PBXFileReference; lastKnownFileType = text.plist.xml; path = Info.plist; sourceTree = "<group>"; };
		015083EC1B2EB65B00028FC0 /* reservationTests.m */ = {isa = PBXFileReference; lastKnownFileType = sourcecode.c.objc; path = reservationTests.m; sourceTree = "<group>"; };
		015083FC1B2EB9C400028FC0 /* PrefixHeader.pch */ = {isa = PBXFileReference; lastKnownFileType = sourcecode.c.h; path = PrefixHeader.pch; sourceTree = "<group>"; };
		015083FF1B2EBA9F00028FC0 /* FirstViewController.h */ = {isa = PBXFileReference; fileEncoding = 4; lastKnownFileType = sourcecode.c.h; path = FirstViewController.h; sourceTree = "<group>"; };
		015084001B2EBA9F00028FC0 /* FirstViewController.m */ = {isa = PBXFileReference; fileEncoding = 4; lastKnownFileType = sourcecode.c.objc; path = FirstViewController.m; sourceTree = "<group>"; };
		015084011B2EBA9F00028FC0 /* FirstViewController.xib */ = {isa = PBXFileReference; fileEncoding = 4; lastKnownFileType = file.xib; path = FirstViewController.xib; sourceTree = "<group>"; };
		015084051B2EBB3F00028FC0 /* UIViewController+BackBar.h */ = {isa = PBXFileReference; fileEncoding = 4; lastKnownFileType = sourcecode.c.h; path = "UIViewController+BackBar.h"; sourceTree = "<group>"; };
		015084061B2EBB3F00028FC0 /* UIViewController+BackBar.m */ = {isa = PBXFileReference; fileEncoding = 4; lastKnownFileType = sourcecode.c.objc; path = "UIViewController+BackBar.m"; sourceTree = "<group>"; };
		0150840B1B2EBC7200028FC0 /* AFHTTPRequestOperation.h */ = {isa = PBXFileReference; fileEncoding = 4; lastKnownFileType = sourcecode.c.h; path = AFHTTPRequestOperation.h; sourceTree = "<group>"; };
		0150840C1B2EBC7200028FC0 /* AFHTTPRequestOperation.m */ = {isa = PBXFileReference; fileEncoding = 4; lastKnownFileType = sourcecode.c.objc; path = AFHTTPRequestOperation.m; sourceTree = "<group>"; };
		0150840D1B2EBC7200028FC0 /* AFHTTPRequestOperationManager.h */ = {isa = PBXFileReference; fileEncoding = 4; lastKnownFileType = sourcecode.c.h; path = AFHTTPRequestOperationManager.h; sourceTree = "<group>"; };
		0150840E1B2EBC7200028FC0 /* AFHTTPRequestOperationManager.m */ = {isa = PBXFileReference; fileEncoding = 4; lastKnownFileType = sourcecode.c.objc; path = AFHTTPRequestOperationManager.m; sourceTree = "<group>"; };
		0150840F1B2EBC7200028FC0 /* AFHTTPSessionManager.h */ = {isa = PBXFileReference; fileEncoding = 4; lastKnownFileType = sourcecode.c.h; path = AFHTTPSessionManager.h; sourceTree = "<group>"; };
		015084101B2EBC7200028FC0 /* AFHTTPSessionManager.m */ = {isa = PBXFileReference; fileEncoding = 4; lastKnownFileType = sourcecode.c.objc; path = AFHTTPSessionManager.m; sourceTree = "<group>"; };
		015084111B2EBC7200028FC0 /* AFNetworking.h */ = {isa = PBXFileReference; fileEncoding = 4; lastKnownFileType = sourcecode.c.h; path = AFNetworking.h; sourceTree = "<group>"; };
		015084121B2EBC7200028FC0 /* AFNetworkReachabilityManager.h */ = {isa = PBXFileReference; fileEncoding = 4; lastKnownFileType = sourcecode.c.h; path = AFNetworkReachabilityManager.h; sourceTree = "<group>"; };
		015084131B2EBC7200028FC0 /* AFNetworkReachabilityManager.m */ = {isa = PBXFileReference; fileEncoding = 4; lastKnownFileType = sourcecode.c.objc; path = AFNetworkReachabilityManager.m; sourceTree = "<group>"; };
		015084141B2EBC7200028FC0 /* AFSecurityPolicy.h */ = {isa = PBXFileReference; fileEncoding = 4; lastKnownFileType = sourcecode.c.h; path = AFSecurityPolicy.h; sourceTree = "<group>"; };
		015084151B2EBC7200028FC0 /* AFSecurityPolicy.m */ = {isa = PBXFileReference; fileEncoding = 4; lastKnownFileType = sourcecode.c.objc; path = AFSecurityPolicy.m; sourceTree = "<group>"; };
		015084161B2EBC7200028FC0 /* AFURLConnectionOperation.h */ = {isa = PBXFileReference; fileEncoding = 4; lastKnownFileType = sourcecode.c.h; path = AFURLConnectionOperation.h; sourceTree = "<group>"; };
		015084171B2EBC7200028FC0 /* AFURLConnectionOperation.m */ = {isa = PBXFileReference; fileEncoding = 4; lastKnownFileType = sourcecode.c.objc; path = AFURLConnectionOperation.m; sourceTree = "<group>"; };
		015084181B2EBC7200028FC0 /* AFURLRequestSerialization.h */ = {isa = PBXFileReference; fileEncoding = 4; lastKnownFileType = sourcecode.c.h; path = AFURLRequestSerialization.h; sourceTree = "<group>"; };
		015084191B2EBC7200028FC0 /* AFURLRequestSerialization.m */ = {isa = PBXFileReference; fileEncoding = 4; lastKnownFileType = sourcecode.c.objc; path = AFURLRequestSerialization.m; sourceTree = "<group>"; };
		0150841A1B2EBC7200028FC0 /* AFURLResponseSerialization.h */ = {isa = PBXFileReference; fileEncoding = 4; lastKnownFileType = sourcecode.c.h; path = AFURLResponseSerialization.h; sourceTree = "<group>"; };
		0150841B1B2EBC7200028FC0 /* AFURLResponseSerialization.m */ = {isa = PBXFileReference; fileEncoding = 4; lastKnownFileType = sourcecode.c.objc; path = AFURLResponseSerialization.m; sourceTree = "<group>"; };
		0150841C1B2EBC7200028FC0 /* AFURLSessionManager.h */ = {isa = PBXFileReference; fileEncoding = 4; lastKnownFileType = sourcecode.c.h; path = AFURLSessionManager.h; sourceTree = "<group>"; };
		0150841D1B2EBC7200028FC0 /* AFURLSessionManager.m */ = {isa = PBXFileReference; fileEncoding = 4; lastKnownFileType = sourcecode.c.objc; path = AFURLSessionManager.m; sourceTree = "<group>"; };
		0150841E1B2EBC7200028FC0 /* LICENSE */ = {isa = PBXFileReference; fileEncoding = 4; lastKnownFileType = text; path = LICENSE; sourceTree = "<group>"; };
		0150841F1B2EBC7200028FC0 /* README.md */ = {isa = PBXFileReference; fileEncoding = 4; lastKnownFileType = net.daringfireball.markdown; path = README.md; sourceTree = "<group>"; };
		015084211B2EBC7200028FC0 /* AFNetworkActivityIndicatorManager.h */ = {isa = PBXFileReference; fileEncoding = 4; lastKnownFileType = sourcecode.c.h; path = AFNetworkActivityIndicatorManager.h; sourceTree = "<group>"; };
		015084221B2EBC7200028FC0 /* AFNetworkActivityIndicatorManager.m */ = {isa = PBXFileReference; fileEncoding = 4; lastKnownFileType = sourcecode.c.objc; path = AFNetworkActivityIndicatorManager.m; sourceTree = "<group>"; };
		015084231B2EBC7200028FC0 /* UIActivityIndicatorView+AFNetworking.h */ = {isa = PBXFileReference; fileEncoding = 4; lastKnownFileType = sourcecode.c.h; path = "UIActivityIndicatorView+AFNetworking.h"; sourceTree = "<group>"; };
		015084241B2EBC7200028FC0 /* UIActivityIndicatorView+AFNetworking.m */ = {isa = PBXFileReference; fileEncoding = 4; lastKnownFileType = sourcecode.c.objc; path = "UIActivityIndicatorView+AFNetworking.m"; sourceTree = "<group>"; };
		015084251B2EBC7200028FC0 /* UIAlertView+AFNetworking.h */ = {isa = PBXFileReference; fileEncoding = 4; lastKnownFileType = sourcecode.c.h; path = "UIAlertView+AFNetworking.h"; sourceTree = "<group>"; };
		015084261B2EBC7200028FC0 /* UIAlertView+AFNetworking.m */ = {isa = PBXFileReference; fileEncoding = 4; lastKnownFileType = sourcecode.c.objc; path = "UIAlertView+AFNetworking.m"; sourceTree = "<group>"; };
		015084271B2EBC7200028FC0 /* UIButton+AFNetworking.h */ = {isa = PBXFileReference; fileEncoding = 4; lastKnownFileType = sourcecode.c.h; path = "UIButton+AFNetworking.h"; sourceTree = "<group>"; };
		015084281B2EBC7200028FC0 /* UIButton+AFNetworking.m */ = {isa = PBXFileReference; fileEncoding = 4; lastKnownFileType = sourcecode.c.objc; path = "UIButton+AFNetworking.m"; sourceTree = "<group>"; };
		015084291B2EBC7200028FC0 /* UIImageView+AFNetworking.h */ = {isa = PBXFileReference; fileEncoding = 4; lastKnownFileType = sourcecode.c.h; path = "UIImageView+AFNetworking.h"; sourceTree = "<group>"; };
		0150842A1B2EBC7200028FC0 /* UIImageView+AFNetworking.m */ = {isa = PBXFileReference; fileEncoding = 4; lastKnownFileType = sourcecode.c.objc; path = "UIImageView+AFNetworking.m"; sourceTree = "<group>"; };
		0150842B1B2EBC7200028FC0 /* UIKit+AFNetworking.h */ = {isa = PBXFileReference; fileEncoding = 4; lastKnownFileType = sourcecode.c.h; path = "UIKit+AFNetworking.h"; sourceTree = "<group>"; };
		0150842C1B2EBC7200028FC0 /* UIProgressView+AFNetworking.h */ = {isa = PBXFileReference; fileEncoding = 4; lastKnownFileType = sourcecode.c.h; path = "UIProgressView+AFNetworking.h"; sourceTree = "<group>"; };
		0150842D1B2EBC7200028FC0 /* UIProgressView+AFNetworking.m */ = {isa = PBXFileReference; fileEncoding = 4; lastKnownFileType = sourcecode.c.objc; path = "UIProgressView+AFNetworking.m"; sourceTree = "<group>"; };
		0150842E1B2EBC7200028FC0 /* UIRefreshControl+AFNetworking.h */ = {isa = PBXFileReference; fileEncoding = 4; lastKnownFileType = sourcecode.c.h; path = "UIRefreshControl+AFNetworking.h"; sourceTree = "<group>"; };
		0150842F1B2EBC7200028FC0 /* UIRefreshControl+AFNetworking.m */ = {isa = PBXFileReference; fileEncoding = 4; lastKnownFileType = sourcecode.c.objc; path = "UIRefreshControl+AFNetworking.m"; sourceTree = "<group>"; };
		015084301B2EBC7200028FC0 /* UIWebView+AFNetworking.h */ = {isa = PBXFileReference; fileEncoding = 4; lastKnownFileType = sourcecode.c.h; path = "UIWebView+AFNetworking.h"; sourceTree = "<group>"; };
		015084311B2EBC7200028FC0 /* UIWebView+AFNetworking.m */ = {isa = PBXFileReference; fileEncoding = 4; lastKnownFileType = sourcecode.c.objc; path = "UIWebView+AFNetworking.m"; sourceTree = "<group>"; };
		0150844D1B2EBCB900028FC0 /* NNManager.h */ = {isa = PBXFileReference; fileEncoding = 4; lastKnownFileType = sourcecode.c.h; path = NNManager.h; sourceTree = "<group>"; };
		0150844E1B2EBCB900028FC0 /* NNManager.m */ = {isa = PBXFileReference; fileEncoding = 4; lastKnownFileType = sourcecode.c.objc; path = NNManager.m; sourceTree = "<group>"; };
		015084591B2EBDF200028FC0 /* CFNetwork.framework */ = {isa = PBXFileReference; lastKnownFileType = wrapper.framework; name = CFNetwork.framework; path = System/Library/Frameworks/CFNetwork.framework; sourceTree = SDKROOT; };
		0150845B1B2EBDF700028FC0 /* MobileCoreServices.framework */ = {isa = PBXFileReference; lastKnownFileType = wrapper.framework; name = MobileCoreServices.framework; path = System/Library/Frameworks/MobileCoreServices.framework; sourceTree = SDKROOT; };
		0150845D1B2EBE1100028FC0 /* Security.framework */ = {isa = PBXFileReference; lastKnownFileType = wrapper.framework; name = Security.framework; path = System/Library/Frameworks/Security.framework; sourceTree = SDKROOT; };
		0150845F1B2EBE1700028FC0 /* CoreTelephony.framework */ = {isa = PBXFileReference; lastKnownFileType = wrapper.framework; name = CoreTelephony.framework; path = System/Library/Frameworks/CoreTelephony.framework; sourceTree = SDKROOT; };
		015084611B2EBE2300028FC0 /* libxml2.dylib */ = {isa = PBXFileReference; lastKnownFileType = "compiled.mach-o.dylib"; name = libxml2.dylib; path = usr/lib/libxml2.dylib; sourceTree = SDKROOT; };
		015084631B2EBE2C00028FC0 /* Foundation.framework */ = {isa = PBXFileReference; lastKnownFileType = wrapper.framework; name = Foundation.framework; path = System/Library/Frameworks/Foundation.framework; sourceTree = SDKROOT; };
		015084651B2EBE3000028FC0 /* UIKit.framework */ = {isa = PBXFileReference; lastKnownFileType = wrapper.framework; name = UIKit.framework; path = System/Library/Frameworks/UIKit.framework; sourceTree = SDKROOT; };
		015084671B2EBE3700028FC0 /* CoreGraphics.framework */ = {isa = PBXFileReference; lastKnownFileType = wrapper.framework; name = CoreGraphics.framework; path = System/Library/Frameworks/CoreGraphics.framework; sourceTree = SDKROOT; };
		015084691B2EBE4700028FC0 /* SystemConfiguration.framework */ = {isa = PBXFileReference; lastKnownFileType = wrapper.framework; name = SystemConfiguration.framework; path = System/Library/Frameworks/SystemConfiguration.framework; sourceTree = SDKROOT; };
		0150846B1B2EBE5500028FC0 /* QuartzCore.framework */ = {isa = PBXFileReference; lastKnownFileType = wrapper.framework; name = QuartzCore.framework; path = System/Library/Frameworks/QuartzCore.framework; sourceTree = SDKROOT; };
		01668E211B391FC200136D5F /* contacts_user_avatar_default_l.png */ = {isa = PBXFileReference; lastKnownFileType = image.png; path = contacts_user_avatar_default_l.png; sourceTree = "<group>"; };
		01668E221B391FC200136D5F /* contacts_user_avatar_default_l@3x.png */ = {isa = PBXFileReference; lastKnownFileType = image.png; path = "contacts_user_avatar_default_l@3x.png"; sourceTree = "<group>"; };
		01668E231B391FC200136D5F /* down_arrow.png */ = {isa = PBXFileReference; lastKnownFileType = image.png; path = down_arrow.png; sourceTree = "<group>"; };
		01668E241B391FC200136D5F /* down_arrow@2x.png */ = {isa = PBXFileReference; lastKnownFileType = image.png; path = "down_arrow@2x.png"; sourceTree = "<group>"; };
		01668E251B391FC200136D5F /* merge_check.png */ = {isa = PBXFileReference; lastKnownFileType = image.png; path = merge_check.png; sourceTree = "<group>"; };
		01668E261B391FC200136D5F /* merge_check@3x.png */ = {isa = PBXFileReference; lastKnownFileType = image.png; path = "merge_check@3x.png"; sourceTree = "<group>"; };
		01668E271B391FC200136D5F /* QQPimSyncViewFlowBackgroundImage@2x.jpg */ = {isa = PBXFileReference; lastKnownFileType = image.jpeg; path = "QQPimSyncViewFlowBackgroundImage@2x.jpg"; sourceTree = "<group>"; };
		01668E281B391FC200136D5F /* QQPimSyncViewFlowBackgroundImage@3x.jpg */ = {isa = PBXFileReference; lastKnownFileType = image.jpeg; path = "QQPimSyncViewFlowBackgroundImage@3x.jpg"; sourceTree = "<group>"; };
		01668E291B391FC200136D5F /* QQPimSyncViewMore_highlight@2x.png */ = {isa = PBXFileReference; lastKnownFileType = image.png; path = "QQPimSyncViewMore_highlight@2x.png"; sourceTree = "<group>"; };
		01668E2A1B391FC200136D5F /* QQPimSyncViewMore_highlight@3x.png */ = {isa = PBXFileReference; lastKnownFileType = image.png; path = "QQPimSyncViewMore_highlight@3x.png"; sourceTree = "<group>"; };
		01668E2B1B391FC200136D5F /* QQPimSyncViewMore_normal@2x.png */ = {isa = PBXFileReference; lastKnownFileType = image.png; path = "QQPimSyncViewMore_normal@2x.png"; sourceTree = "<group>"; };
		01668E2C1B391FC200136D5F /* QQPimSyncViewMore_normal@3x.png */ = {isa = PBXFileReference; lastKnownFileType = image.png; path = "QQPimSyncViewMore_normal@3x.png"; sourceTree = "<group>"; };
		01668E2D1B391FC200136D5F /* QQPimTimelineInfoIconHighlight.png */ = {isa = PBXFileReference; lastKnownFileType = image.png; path = QQPimTimelineInfoIconHighlight.png; sourceTree = "<group>"; };
		01668E2E1B391FC200136D5F /* QQPimTimelineInfoIconHighlight@2x.png */ = {isa = PBXFileReference; lastKnownFileType = image.png; path = "QQPimTimelineInfoIconHighlight@2x.png"; sourceTree = "<group>"; };
		01668E2F1B391FC200136D5F /* QQPimTimelineInfoIconHighlight@3x.png */ = {isa = PBXFileReference; lastKnownFileType = image.png; path = "QQPimTimelineInfoIconHighlight@3x.png"; sourceTree = "<group>"; };
		01668E301B391FC200136D5F /* saomiao_icon.png */ = {isa = PBXFileReference; lastKnownFileType = image.png; path = saomiao_icon.png; sourceTree = "<group>"; };
		01668E311B391FC200136D5F /* saomiao_icon@2x.png */ = {isa = PBXFileReference; lastKnownFileType = image.png; path = "saomiao_icon@2x.png"; sourceTree = "<group>"; };
		01668E321B391FC200136D5F /* saomiao_icon@3x.png */ = {isa = PBXFileReference; lastKnownFileType = image.png; path = "saomiao_icon@3x.png"; sourceTree = "<group>"; };
		01668E331B391FC200136D5F /* title_icon_add_def@2x.png */ = {isa = PBXFileReference; lastKnownFileType = image.png; path = "title_icon_add_def@2x.png"; sourceTree = "<group>"; };
		01668E341B391FC200136D5F /* title_icon_add_def@3x.png */ = {isa = PBXFileReference; lastKnownFileType = image.png; path = "title_icon_add_def@3x.png"; sourceTree = "<group>"; };
		01668E351B391FC200136D5F /* WechatCard_set_icon_add@2x.png */ = {isa = PBXFileReference; lastKnownFileType = image.png; path = "WechatCard_set_icon_add@2x.png"; sourceTree = "<group>"; };
		01668E361B391FC200136D5F /* WechatCard_set_icon_add@3x.png */ = {isa = PBXFileReference; lastKnownFileType = image.png; path = "WechatCard_set_icon_add@3x.png"; sourceTree = "<group>"; };
		01668E4D1B39300900136D5F /* UserTableViewCell.h */ = {isa = PBXFileReference; fileEncoding = 4; lastKnownFileType = sourcecode.c.h; path = UserTableViewCell.h; sourceTree = "<group>"; };
		01668E4E1B39300900136D5F /* UserTableViewCell.m */ = {isa = PBXFileReference; fileEncoding = 4; lastKnownFileType = sourcecode.c.objc; path = UserTableViewCell.m; sourceTree = "<group>"; };
		01668E4F1B39300900136D5F /* UserTableViewCell.xib */ = {isa = PBXFileReference; fileEncoding = 4; lastKnownFileType = file.xib; path = UserTableViewCell.xib; sourceTree = "<group>"; };
		016F75691B43BE760067F88E /* default@2x.png */ = {isa = PBXFileReference; lastKnownFileType = image.png; path = "default@2x.png"; sourceTree = "<group>"; };
		016F756A1B43BE760067F88E /* default@3x.png */ = {isa = PBXFileReference; lastKnownFileType = image.png; path = "default@3x.png"; sourceTree = "<group>"; };
		017CB8C21B43A26C00234D7C /* kebiao.png */ = {isa = PBXFileReference; lastKnownFileType = image.png; path = kebiao.png; sourceTree = "<group>"; };
/* End PBXFileReference section */

/* Begin PBXFrameworksBuildPhase section */
		015083CA1B2EB65B00028FC0 /* Frameworks */ = {
			isa = PBXFrameworksBuildPhase;
			buildActionMask = 2147483647;
			files = (
				013C44811B3133880056CFD1 /* CoreMedia.framework in Frameworks */,
				013C44801B31337C0056CFD1 /* CoreVideo.framework in Frameworks */,
				013C447F1B3133720056CFD1 /* MediaPlayer.framework in Frameworks */,
				013C447E1B3133600056CFD1 /* AVFoundation.framework in Frameworks */,
				013BC0751B2FF9B800155EAB /* libstdc++.dylib in Frameworks */,
				013BC03F1B2FC6FC00155EAB /* libz.dylib in Frameworks */,
				013BC03D1B2FC6E500155EAB /* libiconv.dylib in Frameworks */,
				0150846C1B2EBE5500028FC0 /* QuartzCore.framework in Frameworks */,
				0150846A1B2EBE4700028FC0 /* SystemConfiguration.framework in Frameworks */,
				015084681B2EBE3700028FC0 /* CoreGraphics.framework in Frameworks */,
				015084661B2EBE3000028FC0 /* UIKit.framework in Frameworks */,
				015084641B2EBE2C00028FC0 /* Foundation.framework in Frameworks */,
				015084621B2EBE2300028FC0 /* libxml2.dylib in Frameworks */,
				015084601B2EBE1700028FC0 /* CoreTelephony.framework in Frameworks */,
				0150845E1B2EBE1100028FC0 /* Security.framework in Frameworks */,
				0150845C1B2EBDF700028FC0 /* MobileCoreServices.framework in Frameworks */,
				013BC02B1B2FBC8300155EAB /* libzbar.a in Frameworks */,
				0150845A1B2EBDF200028FC0 /* CFNetwork.framework in Frameworks */,
			);
			runOnlyForDeploymentPostprocessing = 0;
		};
/* End PBXFrameworksBuildPhase section */

/* Begin PBXGroup section */
		013BC00D1B2FBC8300155EAB /* ZBarSDK */ = {
			isa = PBXGroup;
			children = (
				013BC00E1B2FBC8300155EAB /* Headers */,
				013BC0251B2FBC8300155EAB /* libzbar.a */,
				013BC0261B2FBC8300155EAB /* Resources */,
			);
			path = ZBarSDK;
			sourceTree = "<group>";
		};
		013BC00E1B2FBC8300155EAB /* Headers */ = {
			isa = PBXGroup;
			children = (
				013BC00F1B2FBC8300155EAB /* ZBarSDK */,
			);
			path = Headers;
			sourceTree = "<group>";
		};
		013BC00F1B2FBC8300155EAB /* ZBarSDK */ = {
			isa = PBXGroup;
			children = (
				013BC0101B2FBC8300155EAB /* zbar */,
				013BC01A1B2FBC8300155EAB /* zbar.h */,
				013BC01B1B2FBC8300155EAB /* ZBarCameraSimulator.h */,
				013BC01C1B2FBC8300155EAB /* ZBarCaptureReader.h */,
				013BC01D1B2FBC8300155EAB /* ZBarHelpController.h */,
				013BC01E1B2FBC8300155EAB /* ZBarImage.h */,
				013BC01F1B2FBC8300155EAB /* ZBarImageScanner.h */,
				013BC0201B2FBC8300155EAB /* ZBarReaderController.h */,
				013BC0211B2FBC8300155EAB /* ZBarReaderView.h */,
				013BC0221B2FBC8300155EAB /* ZBarReaderViewController.h */,
				013BC0231B2FBC8300155EAB /* ZBarSDK.h */,
				013BC0241B2FBC8300155EAB /* ZBarSymbol.h */,
			);
			path = ZBarSDK;
			sourceTree = "<group>";
		};
		013BC0101B2FBC8300155EAB /* zbar */ = {
			isa = PBXGroup;
			children = (
				013BC0111B2FBC8300155EAB /* Decoder.h */,
				013BC0121B2FBC8300155EAB /* Exception.h */,
				013BC0131B2FBC8300155EAB /* Image.h */,
				013BC0141B2FBC8300155EAB /* ImageScanner.h */,
				013BC0151B2FBC8300155EAB /* Processor.h */,
				013BC0161B2FBC8300155EAB /* Scanner.h */,
				013BC0171B2FBC8300155EAB /* Symbol.h */,
				013BC0181B2FBC8300155EAB /* Video.h */,
				013BC0191B2FBC8300155EAB /* Window.h */,
			);
			path = zbar;
			sourceTree = "<group>";
		};
		013BC0261B2FBC8300155EAB /* Resources */ = {
			isa = PBXGroup;
			children = (
				013BC0271B2FBC8300155EAB /* zbar-back.png */,
				013BC0281B2FBC8300155EAB /* zbar-help.html */,
				013BC0291B2FBC8300155EAB /* zbar-helpicons.png */,
				013BC02A1B2FBC8300155EAB /* zbar-samples.png */,
			);
			path = Resources;
			sourceTree = "<group>";
		};
		013BC0361B2FC60400155EAB /* 认证用户list */ = {
			isa = PBXGroup;
			children = (
				013BC0371B2FC61500155EAB /* UserListViewController.h */,
				013BC0381B2FC61500155EAB /* UserListViewController.m */,
				013BC0391B2FC61500155EAB /* UserListViewController.xib */,
				01668E4D1B39300900136D5F /* UserTableViewCell.h */,
				01668E4E1B39300900136D5F /* UserTableViewCell.m */,
				01668E4F1B39300900136D5F /* UserTableViewCell.xib */,
				013F02C51B40D22000D14553 /* UerViewController.h */,
				013F02C61B40D22000D14553 /* UerViewController.m */,
				013F02C71B40D22000D14553 /* UerViewController.xib */,
			);
			path = "认证用户list";
			sourceTree = "<group>";
		};
		013BC0411B2FC72F00155EAB /* 绑定用户 */ = {
			isa = PBXGroup;
			children = (
				013BC0421B2FC73A00155EAB /* BindViewController.h */,
				013BC0431B2FC73A00155EAB /* BindViewController.m */,
				013BC0441B2FC73A00155EAB /* BindViewController.xib */,
				013C44721B312DD80056CFD1 /* CateTableViewCell.h */,
				013C44731B312DD80056CFD1 /* CateTableViewCell.m */,
				013C44741B312DD80056CFD1 /* CateTableViewCell.xib */,
				013C446D1B312CD30056CFD1 /* SubCateViewController.h */,
				013C446E1B312CD30056CFD1 /* SubCateViewController.m */,
				013C446F1B312CD30056CFD1 /* SubCateViewController.xib */,
			);
			path = "绑定用户";
			sourceTree = "<group>";
		};
		013BC0471B2FC7A700155EAB /* 课表 */ = {
			isa = PBXGroup;
			children = (
				013BC0481B2FC7B600155EAB /* TimeTableViewController.h */,
				013BC0491B2FC7B600155EAB /* TimeTableViewController.m */,
				013BC04A1B2FC7B600155EAB /* TimeTableViewController.xib */,
			);
			path = "课表";
			sourceTree = "<group>";
		};
		013C44571B311D0B0056CFD1 /* UPStackMenu */ = {
			isa = PBXGroup;
			children = (
				013C44581B311D0B0056CFD1 /* UPStackMenu.h */,
				013C44591B311D0B0056CFD1 /* UPStackMenu.m */,
				013C445A1B311D0B0056CFD1 /* UPStackMenuItem.h */,
				013C445B1B311D0B0056CFD1 /* UPStackMenuItem.m */,
			);
			path = UPStackMenu;
			sourceTree = "<group>";
		};
		013C445E1B311F620056CFD1 /* Floder */ = {
			isa = PBXGroup;
			children = (
				013C445F1B311F620056CFD1 /* FolderCoverView.h */,
				013C44601B311F620056CFD1 /* FolderCoverView.m */,
				013C44611B311F620056CFD1 /* UIFolderTableView.h */,
				013C44621B311F620056CFD1 /* UIFolderTableView.m */,
				013C44631B311F620056CFD1 /* UIView+screenshot.h */,
				013C44641B311F620056CFD1 /* UIView+screenshot.m */,
			);
			path = Floder;
			sourceTree = "<group>";
		};
		013C44821B3136580056CFD1 /* images */ = {
			isa = PBXGroup;
			children = (
				016F75691B43BE760067F88E /* default@2x.png */,
				016F756A1B43BE760067F88E /* default@3x.png */,
				017CB8C21B43A26C00234D7C /* kebiao.png */,
				01668E211B391FC200136D5F /* contacts_user_avatar_default_l.png */,
				01668E221B391FC200136D5F /* contacts_user_avatar_default_l@3x.png */,
				01668E231B391FC200136D5F /* down_arrow.png */,
				01668E241B391FC200136D5F /* down_arrow@2x.png */,
				01668E251B391FC200136D5F /* merge_check.png */,
				01668E261B391FC200136D5F /* merge_check@3x.png */,
				01668E271B391FC200136D5F /* QQPimSyncViewFlowBackgroundImage@2x.jpg */,
				01668E281B391FC200136D5F /* QQPimSyncViewFlowBackgroundImage@3x.jpg */,
				01668E291B391FC200136D5F /* QQPimSyncViewMore_highlight@2x.png */,
				01668E2A1B391FC200136D5F /* QQPimSyncViewMore_highlight@3x.png */,
				01668E2B1B391FC200136D5F /* QQPimSyncViewMore_normal@2x.png */,
				01668E2C1B391FC200136D5F /* QQPimSyncViewMore_normal@3x.png */,
				01668E2D1B391FC200136D5F /* QQPimTimelineInfoIconHighlight.png */,
				01668E2E1B391FC200136D5F /* QQPimTimelineInfoIconHighlight@2x.png */,
				01668E2F1B391FC200136D5F /* QQPimTimelineInfoIconHighlight@3x.png */,
				01668E301B391FC200136D5F /* saomiao_icon.png */,
				01668E311B391FC200136D5F /* saomiao_icon@2x.png */,
				01668E321B391FC200136D5F /* saomiao_icon@3x.png */,
				01668E331B391FC200136D5F /* title_icon_add_def@2x.png */,
				01668E341B391FC200136D5F /* title_icon_add_def@3x.png */,
				01668E351B391FC200136D5F /* WechatCard_set_icon_add@2x.png */,
				01668E361B391FC200136D5F /* WechatCard_set_icon_add@3x.png */,
				013C44831B3136580056CFD1 /* back_arrow@2x.png */,
				013C448B1B31431D0056CFD1 /* 单选-icon96x96-默认@2x.png */,
				013C448C1B31431D0056CFD1 /* 单选-icon96x96-选中@2x.png */,
			);
			path = images;
			sourceTree = "<group>";
		};
		013C448F1B3146C00056CFD1 /* 扫描 */ = {
			isa = PBXGroup;
			children = (
				013C44901B3146D70056CFD1 /* SelectViewController.h */,
				013C44911B3146D70056CFD1 /* SelectViewController.m */,
				013C44921B3146D70056CFD1 /* SelectViewController.xib */,
				013C44951B31491E0056CFD1 /* GroupTableViewCell.h */,
				013C44961B31491E0056CFD1 /* GroupTableViewCell.m */,
				013C44971B31491E0056CFD1 /* GroupTableViewCell.xib */,
				013C449A1B31492F0056CFD1 /* ProjectTableViewCell.h */,
				013C449B1B31492F0056CFD1 /* ProjectTableViewCell.m */,
				013C449C1B31492F0056CFD1 /* ProjectTableViewCell.xib */,
			);
			path = "扫描";
			sourceTree = "<group>";
		};
		013C449F1B3154E60056CFD1 /* EGOImageLoading */ = {
			isa = PBXGroup;
			children = (
				013C44A01B3154E60056CFD1 /* EGOCache */,
				013C44A31B3154E60056CFD1 /* EGOImageButton */,
				013C44A61B3154E60056CFD1 /* EGOImageLoader */,
				013C44AB1B3154E60056CFD1 /* EGOImageView */,
			);
			path = EGOImageLoading;
			sourceTree = "<group>";
		};
		013C44A01B3154E60056CFD1 /* EGOCache */ = {
			isa = PBXGroup;
			children = (
				013C44A11B3154E60056CFD1 /* EGOCache.h */,
				013C44A21B3154E60056CFD1 /* EGOCache.m */,
			);
			path = EGOCache;
			sourceTree = "<group>";
		};
		013C44A31B3154E60056CFD1 /* EGOImageButton */ = {
			isa = PBXGroup;
			children = (
				013C44A41B3154E60056CFD1 /* EGOImageButton.h */,
				013C44A51B3154E60056CFD1 /* EGOImageButton.m */,
			);
			path = EGOImageButton;
			sourceTree = "<group>";
		};
		013C44A61B3154E60056CFD1 /* EGOImageLoader */ = {
			isa = PBXGroup;
			children = (
				013C44A71B3154E60056CFD1 /* EGOImageLoadConnection.h */,
				013C44A81B3154E60056CFD1 /* EGOImageLoadConnection.m */,
				013C44A91B3154E60056CFD1 /* EGOImageLoader.h */,
				013C44AA1B3154E60056CFD1 /* EGOImageLoader.m */,
			);
			path = EGOImageLoader;
			sourceTree = "<group>";
		};
		013C44AB1B3154E60056CFD1 /* EGOImageView */ = {
			isa = PBXGroup;
			children = (
				013C44AC1B3154E60056CFD1 /* EGOImageView.h */,
				013C44AD1B3154E60056CFD1 /* EGOImageView.m */,
			);
			path = EGOImageView;
			sourceTree = "<group>";
		};
		013E72281B3D31880033DFED /* SVProgressHUD */ = {
			isa = PBXGroup;
			children = (
				013E72291B3D31880033DFED /* SVProgressHUD.bundle */,
				013E722A1B3D31880033DFED /* SVProgressHUD.h */,
				013E722B1B3D31880033DFED /* SVProgressHUD.m */,
			);
			path = SVProgressHUD;
			sourceTree = "<group>";
		};
		015083C41B2EB65B00028FC0 = {
			isa = PBXGroup;
			children = (
				015083CF1B2EB65B00028FC0 /* reservation */,
				013C447D1B3133600056CFD1 /* AVFoundation.framework */,
				013C447B1B31334E0056CFD1 /* MediaPlayer.framework */,
				013C44791B3133440056CFD1 /* CoreVideo.framework */,
				013C44771B31333A0056CFD1 /* CoreMedia.framework */,
				0150846B1B2EBE5500028FC0 /* QuartzCore.framework */,
				015084691B2EBE4700028FC0 /* SystemConfiguration.framework */,
				015084671B2EBE3700028FC0 /* CoreGraphics.framework */,
				015084651B2EBE3000028FC0 /* UIKit.framework */,
				015084631B2EBE2C00028FC0 /* Foundation.framework */,
				015084611B2EBE2300028FC0 /* libxml2.dylib */,
				013BC0741B2FF9B800155EAB /* libstdc++.dylib */,
				013BC03E1B2FC6FC00155EAB /* libz.dylib */,
				013BC03C1B2FC6E500155EAB /* libiconv.dylib */,
				0150845F1B2EBE1700028FC0 /* CoreTelephony.framework */,
				0150845D1B2EBE1100028FC0 /* Security.framework */,
				0150845B1B2EBDF700028FC0 /* MobileCoreServices.framework */,
				015084591B2EBDF200028FC0 /* CFNetwork.framework */,
				015083E91B2EB65B00028FC0 /* reservationTests */,
				015083CE1B2EB65B00028FC0 /* Products */,
			);
			sourceTree = "<group>";
		};
		015083CE1B2EB65B00028FC0 /* Products */ = {
			isa = PBXGroup;
			children = (
				015083CD1B2EB65B00028FC0 /* reservation.app */,
			);
			name = Products;
			sourceTree = "<group>";
		};
		015083CF1B2EB65B00028FC0 /* reservation */ = {
			isa = PBXGroup;
			children = (
				013C44821B3136580056CFD1 /* images */,
				015084081B2EBC6100028FC0 /* third */,
				015084041B2EBB3900028FC0 /* Helper */,
				015083FD1B2EBA8D00028FC0 /* controllers */,
				015083D41B2EB65B00028FC0 /* AppDelegate.h */,
				015083D51B2EB65B00028FC0 /* AppDelegate.m */,
				013C44B31B31570C0056CFD1 /* NNSingleton.h */,
				013C44B41B31570C0056CFD1 /* NNSingleton.m */,
				015083D71B2EB65B00028FC0 /* ViewController.h */,
				015083D81B2EB65B00028FC0 /* ViewController.m */,
				015083DA1B2EB65B00028FC0 /* Main.storyboard */,
				015083DD1B2EB65B00028FC0 /* Images.xcassets */,
				015083DF1B2EB65B00028FC0 /* LaunchScreen.xib */,
				015083D01B2EB65B00028FC0 /* Supporting Files */,
			);
			path = reservation;
			sourceTree = "<group>";
		};
		015083D01B2EB65B00028FC0 /* Supporting Files */ = {
			isa = PBXGroup;
			children = (
				015083D11B2EB65B00028FC0 /* Info.plist */,
				015083D21B2EB65B00028FC0 /* main.m */,
				015083FC1B2EB9C400028FC0 /* PrefixHeader.pch */,
			);
			name = "Supporting Files";
			sourceTree = "<group>";
		};
		015083E91B2EB65B00028FC0 /* reservationTests */ = {
			isa = PBXGroup;
			children = (
				015083EC1B2EB65B00028FC0 /* reservationTests.m */,
				015083EA1B2EB65B00028FC0 /* Supporting Files */,
			);
			path = reservationTests;
			sourceTree = "<group>";
		};
		015083EA1B2EB65B00028FC0 /* Supporting Files */ = {
			isa = PBXGroup;
			children = (
				015083EB1B2EB65B00028FC0 /* Info.plist */,
			);
			name = "Supporting Files";
			sourceTree = "<group>";
		};
		015083FD1B2EBA8D00028FC0 /* controllers */ = {
			isa = PBXGroup;
			children = (
				013C448F1B3146C00056CFD1 /* 扫描 */,
				013BC0471B2FC7A700155EAB /* 课表 */,
				013BC0411B2FC72F00155EAB /* 绑定用户 */,
				013BC0361B2FC60400155EAB /* 认证用户list */,
				015083FE1B2EBA9F00028FC0 /* 首页 */,
			);
			path = controllers;
			sourceTree = "<group>";
		};
		015083FE1B2EBA9F00028FC0 /* 首页 */ = {
			isa = PBXGroup;
			children = (
				015083FF1B2EBA9F00028FC0 /* FirstViewController.h */,
				015084001B2EBA9F00028FC0 /* FirstViewController.m */,
				015084011B2EBA9F00028FC0 /* FirstViewController.xib */,
			);
			path = "首页";
			sourceTree = "<group>";
		};
		015084041B2EBB3900028FC0 /* Helper */ = {
			isa = PBXGroup;
			children = (
				013C44881B3140CA0056CFD1 /* UIView+Sizes.h */,
				013C44891B3140CA0056CFD1 /* UIView+Sizes.m */,
				013C44851B31406B0056CFD1 /* UIBarButtonItem+Factory.h */,
				013C44861B31406B0056CFD1 /* UIBarButtonItem+Factory.m */,
				015084051B2EBB3F00028FC0 /* UIViewController+BackBar.h */,
				015084061B2EBB3F00028FC0 /* UIViewController+BackBar.m */,
			);
			path = Helper;
			sourceTree = "<group>";
		};
		015084081B2EBC6100028FC0 /* third */ = {
			isa = PBXGroup;
			children = (
				013C449F1B3154E60056CFD1 /* EGOImageLoading */,
				013C445E1B311F620056CFD1 /* Floder */,
				013C44571B311D0B0056CFD1 /* UPStackMenu */,
				013BC00D1B2FBC8300155EAB /* ZBarSDK */,
				015084091B2EBC7200028FC0 /* AFNetworking */,
				013E72281B3D31880033DFED /* SVProgressHUD */,
			);
			path = third;
			sourceTree = "<group>";
		};
		015084091B2EBC7200028FC0 /* AFNetworking */ = {
			isa = PBXGroup;
			children = (
				0150844D1B2EBCB900028FC0 /* NNManager.h */,
				0150844E1B2EBCB900028FC0 /* NNManager.m */,
				0150840A1B2EBC7200028FC0 /* AFNetworking */,
				0150841E1B2EBC7200028FC0 /* LICENSE */,
				0150841F1B2EBC7200028FC0 /* README.md */,
				015084201B2EBC7200028FC0 /* UIKit+AFNetworking */,
			);
			path = AFNetworking;
			sourceTree = "<group>";
		};
		0150840A1B2EBC7200028FC0 /* AFNetworking */ = {
			isa = PBXGroup;
			children = (
				0150840B1B2EBC7200028FC0 /* AFHTTPRequestOperation.h */,
				0150840C1B2EBC7200028FC0 /* AFHTTPRequestOperation.m */,
				0150840D1B2EBC7200028FC0 /* AFHTTPRequestOperationManager.h */,
				0150840E1B2EBC7200028FC0 /* AFHTTPRequestOperationManager.m */,
				0150840F1B2EBC7200028FC0 /* AFHTTPSessionManager.h */,
				015084101B2EBC7200028FC0 /* AFHTTPSessionManager.m */,
				015084111B2EBC7200028FC0 /* AFNetworking.h */,
				015084121B2EBC7200028FC0 /* AFNetworkReachabilityManager.h */,
				015084131B2EBC7200028FC0 /* AFNetworkReachabilityManager.m */,
				015084141B2EBC7200028FC0 /* AFSecurityPolicy.h */,
				015084151B2EBC7200028FC0 /* AFSecurityPolicy.m */,
				015084161B2EBC7200028FC0 /* AFURLConnectionOperation.h */,
				015084171B2EBC7200028FC0 /* AFURLConnectionOperation.m */,
				015084181B2EBC7200028FC0 /* AFURLRequestSerialization.h */,
				015084191B2EBC7200028FC0 /* AFURLRequestSerialization.m */,
				0150841A1B2EBC7200028FC0 /* AFURLResponseSerialization.h */,
				0150841B1B2EBC7200028FC0 /* AFURLResponseSerialization.m */,
				0150841C1B2EBC7200028FC0 /* AFURLSessionManager.h */,
				0150841D1B2EBC7200028FC0 /* AFURLSessionManager.m */,
			);
			path = AFNetworking;
			sourceTree = "<group>";
		};
		015084201B2EBC7200028FC0 /* UIKit+AFNetworking */ = {
			isa = PBXGroup;
			children = (
				015084211B2EBC7200028FC0 /* AFNetworkActivityIndicatorManager.h */,
				015084221B2EBC7200028FC0 /* AFNetworkActivityIndicatorManager.m */,
				015084231B2EBC7200028FC0 /* UIActivityIndicatorView+AFNetworking.h */,
				015084241B2EBC7200028FC0 /* UIActivityIndicatorView+AFNetworking.m */,
				015084251B2EBC7200028FC0 /* UIAlertView+AFNetworking.h */,
				015084261B2EBC7200028FC0 /* UIAlertView+AFNetworking.m */,
				015084271B2EBC7200028FC0 /* UIButton+AFNetworking.h */,
				015084281B2EBC7200028FC0 /* UIButton+AFNetworking.m */,
				015084291B2EBC7200028FC0 /* UIImageView+AFNetworking.h */,
				0150842A1B2EBC7200028FC0 /* UIImageView+AFNetworking.m */,
				0150842B1B2EBC7200028FC0 /* UIKit+AFNetworking.h */,
				0150842C1B2EBC7200028FC0 /* UIProgressView+AFNetworking.h */,
				0150842D1B2EBC7200028FC0 /* UIProgressView+AFNetworking.m */,
				0150842E1B2EBC7200028FC0 /* UIRefreshControl+AFNetworking.h */,
				0150842F1B2EBC7200028FC0 /* UIRefreshControl+AFNetworking.m */,
				015084301B2EBC7200028FC0 /* UIWebView+AFNetworking.h */,
				015084311B2EBC7200028FC0 /* UIWebView+AFNetworking.m */,
			);
			path = "UIKit+AFNetworking";
			sourceTree = "<group>";
		};
/* End PBXGroup section */

/* Begin PBXNativeTarget section */
		015083CC1B2EB65B00028FC0 /* reservation */ = {
			isa = PBXNativeTarget;
			buildConfigurationList = 015083F01B2EB65B00028FC0 /* Build configuration list for PBXNativeTarget "reservation" */;
			buildPhases = (
				015083C91B2EB65B00028FC0 /* Sources */,
				015083CA1B2EB65B00028FC0 /* Frameworks */,
				015083CB1B2EB65B00028FC0 /* Resources */,
			);
			buildRules = (
			);
			dependencies = (
			);
			name = reservation;
			productName = reservation;
			productReference = 015083CD1B2EB65B00028FC0 /* reservation.app */;
			productType = "com.apple.product-type.application";
		};
/* End PBXNativeTarget section */

/* Begin PBXProject section */
		015083C51B2EB65B00028FC0 /* Project object */ = {
			isa = PBXProject;
			attributes = {
				LastUpgradeCheck = 0610;
				ORGANIZATIONNAME = wangxiaona;
				TargetAttributes = {
					015083CC1B2EB65B00028FC0 = {
						CreatedOnToolsVersion = 6.1;
					};
				};
			};
			buildConfigurationList = 015083C81B2EB65B00028FC0 /* Build configuration list for PBXProject "reservation" */;
			compatibilityVersion = "Xcode 3.2";
			developmentRegion = English;
			hasScannedForEncodings = 0;
			knownRegions = (
				en,
				Base,
			);
			mainGroup = 015083C41B2EB65B00028FC0;
			productRefGroup = 015083CE1B2EB65B00028FC0 /* Products */;
			projectDirPath = "";
			projectRoot = "";
			targets = (
				015083CC1B2EB65B00028FC0 /* reservation */,
			);
		};
/* End PBXProject section */

/* Begin PBXResourcesBuildPhase section */
		015083CB1B2EB65B00028FC0 /* Resources */ = {
			isa = PBXResourcesBuildPhase;
			buildActionMask = 2147483647;
			files = (
				01668E381B391FC200136D5F /* contacts_user_avatar_default_l@3x.png in Resources */,
				01668E441B391FC200136D5F /* QQPimTimelineInfoIconHighlight@2x.png in Resources */,
				015083DC1B2EB65B00028FC0 /* Main.storyboard in Resources */,
				01668E451B391FC200136D5F /* QQPimTimelineInfoIconHighlight@3x.png in Resources */,
				01668E471B391FC200136D5F /* saomiao_icon@2x.png in Resources */,
				016F756B1B43BE760067F88E /* default@2x.png in Resources */,
				01668E3F1B391FC200136D5F /* QQPimSyncViewMore_highlight@2x.png in Resources */,
				013BC02C1B2FBC8300155EAB /* zbar-back.png in Resources */,
				01668E431B391FC200136D5F /* QQPimTimelineInfoIconHighlight.png in Resources */,
				01668E3E1B391FC200136D5F /* QQPimSyncViewFlowBackgroundImage@3x.jpg in Resources */,
				01668E3A1B391FC200136D5F /* down_arrow@2x.png in Resources */,
				013C448D1B31431D0056CFD1 /* 单选-icon96x96-默认@2x.png in Resources */,
				013F02C91B40D22000D14553 /* UerViewController.xib in Resources */,
				015083E11B2EB65B00028FC0 /* LaunchScreen.xib in Resources */,
				013C448E1B31431D0056CFD1 /* 单选-icon96x96-选中@2x.png in Resources */,
				01668E491B391FC200136D5F /* title_icon_add_def@2x.png in Resources */,
				013BC04C1B2FC7B600155EAB /* TimeTableViewController.xib in Resources */,
				01668E371B391FC200136D5F /* contacts_user_avatar_default_l.png in Resources */,
				013C44941B3146D70056CFD1 /* SelectViewController.xib in Resources */,
				01668E4C1B391FC200136D5F /* WechatCard_set_icon_add@3x.png in Resources */,
				01668E401B391FC200136D5F /* QQPimSyncViewMore_highlight@3x.png in Resources */,
				015083DE1B2EB65B00028FC0 /* Images.xcassets in Resources */,
				01668E391B391FC200136D5F /* down_arrow.png in Resources */,
				01668E3B1B391FC200136D5F /* merge_check.png in Resources */,
				013C44761B312DD80056CFD1 /* CateTableViewCell.xib in Resources */,
				01668E461B391FC200136D5F /* saomiao_icon.png in Resources */,
				013BC03B1B2FC61500155EAB /* UserListViewController.xib in Resources */,
				013C44991B31491E0056CFD1 /* GroupTableViewCell.xib in Resources */,
				01668E4B1B391FC200136D5F /* WechatCard_set_icon_add@2x.png in Resources */,
				013C44711B312CD30056CFD1 /* SubCateViewController.xib in Resources */,
				015084031B2EBA9F00028FC0 /* FirstViewController.xib in Resources */,
				01668E3D1B391FC200136D5F /* QQPimSyncViewFlowBackgroundImage@2x.jpg in Resources */,
				01668E411B391FC200136D5F /* QQPimSyncViewMore_normal@2x.png in Resources */,
				016F756C1B43BE760067F88E /* default@3x.png in Resources */,
				01668E511B39300900136D5F /* UserTableViewCell.xib in Resources */,
				013BC02F1B2FBC8300155EAB /* zbar-samples.png in Resources */,
				01668E421B391FC200136D5F /* QQPimSyncViewMore_normal@3x.png in Resources */,
				013BC02D1B2FBC8300155EAB /* zbar-help.html in Resources */,
				013C44841B3136580056CFD1 /* back_arrow@2x.png in Resources */,
				015084401B2EBC7200028FC0 /* LICENSE in Resources */,
				013BC02E1B2FBC8300155EAB /* zbar-helpicons.png in Resources */,
				013C449E1B31492F0056CFD1 /* ProjectTableViewCell.xib in Resources */,
				017CB8C31B43A26C00234D7C /* kebiao.png in Resources */,
				01668E4A1B391FC200136D5F /* title_icon_add_def@3x.png in Resources */,
				01668E481B391FC200136D5F /* saomiao_icon@3x.png in Resources */,
				01668E3C1B391FC200136D5F /* merge_check@3x.png in Resources */,
				013BC0461B2FC73A00155EAB /* BindViewController.xib in Resources */,
				013E722C1B3D31880033DFED /* SVProgressHUD.bundle in Resources */,
			);
			runOnlyForDeploymentPostprocessing = 0;
		};
/* End PBXResourcesBuildPhase section */

/* Begin PBXSourcesBuildPhase section */
		015083C91B2EB65B00028FC0 /* Sources */ = {
			isa = PBXSourcesBuildPhase;
			buildActionMask = 2147483647;
			files = (
				013C44B01B3154E60056CFD1 /* EGOImageLoadConnection.m in Sources */,
				0150843C1B2EBC7200028FC0 /* AFURLConnectionOperation.m in Sources */,
				013C44751B312DD80056CFD1 /* CateTableViewCell.m in Sources */,
				013E722D1B3D31880033DFED /* SVProgressHUD.m in Sources */,
				013C44651B311F620056CFD1 /* FolderCoverView.m in Sources */,
				013BC03A1B2FC61500155EAB /* UserListViewController.m in Sources */,
				013C448A1B3140CA0056CFD1 /* UIView+Sizes.m in Sources */,
				015084371B2EBC7200028FC0 /* AFHTTPRequestOperation.m in Sources */,
				0150843A1B2EBC7200028FC0 /* AFNetworkReachabilityManager.m in Sources */,
				0150844F1B2EBCB900028FC0 /* NNManager.m in Sources */,
				013C44931B3146D70056CFD1 /* SelectViewController.m in Sources */,
				0150843F1B2EBC7200028FC0 /* AFURLSessionManager.m in Sources */,
				013C44AF1B3154E60056CFD1 /* EGOImageButton.m in Sources */,
				015084421B2EBC7200028FC0 /* AFNetworkActivityIndicatorManager.m in Sources */,
				0150843D1B2EBC7200028FC0 /* AFURLRequestSerialization.m in Sources */,
				015084071B2EBB3F00028FC0 /* UIViewController+BackBar.m in Sources */,
				013C44981B31491E0056CFD1 /* GroupTableViewCell.m in Sources */,
				013C445D1B311D0B0056CFD1 /* UPStackMenuItem.m in Sources */,
				015084471B2EBC7200028FC0 /* UIProgressView+AFNetworking.m in Sources */,
				0150843E1B2EBC7200028FC0 /* AFURLResponseSerialization.m in Sources */,
				015083D91B2EB65B00028FC0 /* ViewController.m in Sources */,
				013BC04B1B2FC7B600155EAB /* TimeTableViewController.m in Sources */,
				015083D61B2EB65B00028FC0 /* AppDelegate.m in Sources */,
				015084451B2EBC7200028FC0 /* UIButton+AFNetworking.m in Sources */,
				015084461B2EBC7200028FC0 /* UIImageView+AFNetworking.m in Sources */,
				013C445C1B311D0B0056CFD1 /* UPStackMenu.m in Sources */,
				015084381B2EBC7200028FC0 /* AFHTTPRequestOperationManager.m in Sources */,
				0150843B1B2EBC7200028FC0 /* AFSecurityPolicy.m in Sources */,
				013C44B11B3154E60056CFD1 /* EGOImageLoader.m in Sources */,
				015084441B2EBC7200028FC0 /* UIAlertView+AFNetworking.m in Sources */,
				013C44701B312CD30056CFD1 /* SubCateViewController.m in Sources */,
				01668E501B39300900136D5F /* UserTableViewCell.m in Sources */,
				013C44B21B3154E60056CFD1 /* EGOImageView.m in Sources */,
				013C449D1B31492F0056CFD1 /* ProjectTableViewCell.m in Sources */,
				013C44671B311F620056CFD1 /* UIView+screenshot.m in Sources */,
				015084491B2EBC7200028FC0 /* UIWebView+AFNetworking.m in Sources */,
				015084431B2EBC7200028FC0 /* UIActivityIndicatorView+AFNetworking.m in Sources */,
				015083D31B2EB65B00028FC0 /* main.m in Sources */,
				013C44871B31406B0056CFD1 /* UIBarButtonItem+Factory.m in Sources */,
				013C44B51B31570C0056CFD1 /* NNSingleton.m in Sources */,
				015084481B2EBC7200028FC0 /* UIRefreshControl+AFNetworking.m in Sources */,
				013F02C81B40D22000D14553 /* UerViewController.m in Sources */,
				015084411B2EBC7200028FC0 /* README.md in Sources */,
				013C44661B311F620056CFD1 /* UIFolderTableView.m in Sources */,
				013C44AE1B3154E60056CFD1 /* EGOCache.m in Sources */,
				015084021B2EBA9F00028FC0 /* FirstViewController.m in Sources */,
				015084391B2EBC7200028FC0 /* AFHTTPSessionManager.m in Sources */,
				013BC0451B2FC73A00155EAB /* BindViewController.m in Sources */,
			);
			runOnlyForDeploymentPostprocessing = 0;
		};
/* End PBXSourcesBuildPhase section */

/* Begin PBXVariantGroup section */
		015083DA1B2EB65B00028FC0 /* Main.storyboard */ = {
			isa = PBXVariantGroup;
			children = (
				015083DB1B2EB65B00028FC0 /* Base */,
				013E72211B3CF5980033DFED /* zh-Hans */,
			);
			name = Main.storyboard;
			sourceTree = "<group>";
		};
		015083DF1B2EB65B00028FC0 /* LaunchScreen.xib */ = {
			isa = PBXVariantGroup;
			children = (
				015083E01B2EB65B00028FC0 /* Base */,
				013E72221B3CF5980033DFED /* zh-Hans */,
			);
			name = LaunchScreen.xib;
			sourceTree = "<group>";
		};
/* End PBXVariantGroup section */

/* Begin XCBuildConfiguration section */
		015083EE1B2EB65B00028FC0 /* Debug */ = {
			isa = XCBuildConfiguration;
			buildSettings = {
				ALWAYS_SEARCH_USER_PATHS = NO;
				CLANG_CXX_LANGUAGE_STANDARD = "gnu++0x";
				CLANG_CXX_LIBRARY = "libc++";
				CLANG_ENABLE_MODULES = YES;
				CLANG_ENABLE_OBJC_ARC = YES;
				CLANG_WARN_BOOL_CONVERSION = YES;
				CLANG_WARN_CONSTANT_CONVERSION = YES;
				CLANG_WARN_DIRECT_OBJC_ISA_USAGE = YES_ERROR;
				CLANG_WARN_EMPTY_BODY = YES;
				CLANG_WARN_ENUM_CONVERSION = YES;
				CLANG_WARN_INT_CONVERSION = YES;
				CLANG_WARN_OBJC_ROOT_CLASS = YES_ERROR;
				CLANG_WARN_UNREACHABLE_CODE = YES;
				CLANG_WARN__DUPLICATE_METHOD_MATCH = YES;
				"CODE_SIGN_IDENTITY[sdk=iphoneos*]" = "iPhone Developer";
				COPY_PHASE_STRIP = NO;
				ENABLE_STRICT_OBJC_MSGSEND = YES;
				GCC_C_LANGUAGE_STANDARD = gnu99;
				GCC_DYNAMIC_NO_PIC = NO;
				GCC_OPTIMIZATION_LEVEL = 0;
				GCC_PREPROCESSOR_DEFINITIONS = (
					"DEBUG=1",
					"$(inherited)",
				);
				GCC_SYMBOLS_PRIVATE_EXTERN = NO;
				GCC_WARN_64_TO_32_BIT_CONVERSION = YES;
				GCC_WARN_ABOUT_RETURN_TYPE = YES_ERROR;
				GCC_WARN_UNDECLARED_SELECTOR = YES;
				GCC_WARN_UNINITIALIZED_AUTOS = YES_AGGRESSIVE;
				GCC_WARN_UNUSED_FUNCTION = YES;
				GCC_WARN_UNUSED_VARIABLE = YES;
				IPHONEOS_DEPLOYMENT_TARGET = 7.0;
				MTL_ENABLE_DEBUG_INFO = YES;
				ONLY_ACTIVE_ARCH = YES;
				SDKROOT = iphoneos;
			};
			name = Debug;
		};
		015083EF1B2EB65B00028FC0 /* Release */ = {
			isa = XCBuildConfiguration;
			buildSettings = {
				ALWAYS_SEARCH_USER_PATHS = NO;
				CLANG_CXX_LANGUAGE_STANDARD = "gnu++0x";
				CLANG_CXX_LIBRARY = "libc++";
				CLANG_ENABLE_MODULES = YES;
				CLANG_ENABLE_OBJC_ARC = YES;
				CLANG_WARN_BOOL_CONVERSION = YES;
				CLANG_WARN_CONSTANT_CONVERSION = YES;
				CLANG_WARN_DIRECT_OBJC_ISA_USAGE = YES_ERROR;
				CLANG_WARN_EMPTY_BODY = YES;
				CLANG_WARN_ENUM_CONVERSION = YES;
				CLANG_WARN_INT_CONVERSION = YES;
				CLANG_WARN_OBJC_ROOT_CLASS = YES_ERROR;
				CLANG_WARN_UNREACHABLE_CODE = YES;
				CLANG_WARN__DUPLICATE_METHOD_MATCH = YES;
				"CODE_SIGN_IDENTITY[sdk=iphoneos*]" = "iPhone Developer";
				COPY_PHASE_STRIP = YES;
				ENABLE_NS_ASSERTIONS = NO;
				ENABLE_STRICT_OBJC_MSGSEND = YES;
				GCC_C_LANGUAGE_STANDARD = gnu99;
				GCC_WARN_64_TO_32_BIT_CONVERSION = YES;
				GCC_WARN_ABOUT_RETURN_TYPE = YES_ERROR;
				GCC_WARN_UNDECLARED_SELECTOR = YES;
				GCC_WARN_UNINITIALIZED_AUTOS = YES_AGGRESSIVE;
				GCC_WARN_UNUSED_FUNCTION = YES;
				GCC_WARN_UNUSED_VARIABLE = YES;
				IPHONEOS_DEPLOYMENT_TARGET = 7.0;
				MTL_ENABLE_DEBUG_INFO = NO;
				SDKROOT = iphoneos;
				VALIDATE_PRODUCT = YES;
			};
			name = Release;
		};
		015083F11B2EB65B00028FC0 /* Debug */ = {
			isa = XCBuildConfiguration;
			buildSettings = {
				ASSETCATALOG_COMPILER_APPICON_NAME = AppIcon;
				ASSETCATALOG_COMPILER_LAUNCHIMAGE_NAME = LaunchImage;
				CODE_SIGN_IDENTITY = "iPhone Developer: jun zhao (9YJF6YCZXZ)";
				GCC_PRECOMPILE_PREFIX_HEADER = YES;
				GCC_PREFIX_HEADER = "$(PROJECT_DIR)/reservation/PrefixHeader.pch";
				INFOPLIST_FILE = reservation/Info.plist;
				IPHONEOS_DEPLOYMENT_TARGET = 7.0;
				LD_RUNPATH_SEARCH_PATHS = "$(inherited) @executable_path/Frameworks";
				LIBRARY_SEARCH_PATHS = (
					"$(inherited)",
					"$(PROJECT_DIR)/reservation/third/ZBarSDK",
				);
				PRODUCT_NAME = "$(TARGET_NAME)";
				PROVISIONING_PROFILE = "578f152d-b3bf-4255-ba89-2cd136296005";
			};
			name = Debug;
		};
		015083F21B2EB65B00028FC0 /* Release */ = {
			isa = XCBuildConfiguration;
			buildSettings = {
				ASSETCATALOG_COMPILER_APPICON_NAME = AppIcon;
				ASSETCATALOG_COMPILER_LAUNCHIMAGE_NAME = LaunchImage;
				CODE_SIGN_IDENTITY = "iPhone Developer: jun zhao (9YJF6YCZXZ)";
				GCC_PRECOMPILE_PREFIX_HEADER = YES;
				GCC_PREFIX_HEADER = "$(PROJECT_DIR)/reservation/PrefixHeader.pch";
				INFOPLIST_FILE = reservation/Info.plist;
				IPHONEOS_DEPLOYMENT_TARGET = 7.0;
				LD_RUNPATH_SEARCH_PATHS = "$(inherited) @executable_path/Frameworks";
				LIBRARY_SEARCH_PATHS = (
					"$(inherited)",
					"$(PROJECT_DIR)/reservation/third/ZBarSDK",
				);
				PRODUCT_NAME = "$(TARGET_NAME)";
				PROVISIONING_PROFILE = "578f152d-b3bf-4255-ba89-2cd136296005";
			};
			name = Release;
		};
/* End XCBuildConfiguration section */

/* Begin XCConfigurationList section */
		015083C81B2EB65B00028FC0 /* Build configuration list for PBXProject "reservation" */ = {
			isa = XCConfigurationList;
			buildConfigurations = (
				015083EE1B2EB65B00028FC0 /* Debug */,
				015083EF1B2EB65B00028FC0 /* Release */,
			);
			defaultConfigurationIsVisible = 0;
			defaultConfigurationName = Release;
		};
		015083F01B2EB65B00028FC0 /* Build configuration list for PBXNativeTarget "reservation" */ = {
			isa = XCConfigurationList;
			buildConfigurations = (
				015083F11B2EB65B00028FC0 /* Debug */,
				015083F21B2EB65B00028FC0 /* Release */,
			);
			defaultConfigurationIsVisible = 0;
			defaultConfigurationName = Release;
		};
/* End XCConfigurationList section */
	};
	rootObject = 015083C51B2EB65B00028FC0 /* Project object */;
}
